{
  "pins" : [
    {
      "identity" : "keyboardkit",
      "kind" : "remoteSourceControl",
      "location" : "https://github.com/KeyboardKit/KeyboardKit.git",
      "state" : {
        "revision" : "40cef720caa23c0af6896d71fab8ae219b700be7",
        "version" : "10.2.2"
      }
    },
    {
      "identity" : "licensekit",
      "kind" : "remoteSourceControl",
      "location" : "https://github.com/LicenseKit/LicenseKit.git",
      "state" : {
        "revision" : "f9bdcdc3472918c6da7566940a12936374f0faee",
        "version" : "2.1.3"
      }
    },
    {
      "identity" : "symspellswift",
      "kind" : "remoteSourceControl",
      "location" : "https://github.com/gdetari/SymSpellSwift.git",
      "state" : {
        "revision" : "673246e16338440f6895e119bfacab308d11fce0",
        "version" : "0.1.4"
      }
    }
  ],
  "version" : 2
}
