// !$*UTF8*$!
{
	archiveVersion = 1;
	classes = {
	};
	objectVersion = 77;
	objects = {

/* Begin PBXBuildFile section */
		022725235ABB20088D813D5D /* MainAppView.swift in Sources */ = {isa = PBXBuildFile; fileRef = 8E3C9E30D6040D7BBE4943EE /* MainAppView.swift */; };
		02E53328CA7FA0D2264093B1 /* WelcomeStepView.swift in Sources */ = {isa = PBXBuildFile; fileRef = BF0E3B48A96B89265B704E9D /* WelcomeStepView.swift */; };
		078A3531643082D0E7853271 /* SettingsComponents.swift in Sources */ = {isa = PBXBuildFile; fileRef = 7E6C7961845C9D2672A23589 /* SettingsComponents.swift */; };
		0B062FD20CE6F399AE0D7B1D /* bigrams_en_small.txt in Resources */ = {isa = PBXBuildFile; fileRef = 5218875CEBC5EA29CBAC9740 /* bigrams_en_small.txt */; };
		0CF1272980A9F5EF6593DA16 /* AgentIntroOverlays.swift in Sources */ = {isa = PBXBuildFile; fileRef = C6D29F089FEB0DBC9F3DB0E0 /* AgentIntroOverlays.swift */; };
		101BE96550FD506F7E5453A0 /* UIComponents in Frameworks */ = {isa = PBXBuildFile; productRef = AF861022745E8E3F3129D1A9 /* UIComponents */; };
		11D8942B3755A57E7EE54E5B /* PaywallView.swift in Sources */ = {isa = PBXBuildFile; fileRef = 9EB7D06C4DB5E16B7ACAD33F /* PaywallView.swift */; };
		1776FEC9C2E53002ABE87487 /* LogViewer.swift in Sources */ = {isa = PBXBuildFile; fileRef = 2CF828356E976E4B782031FB /* LogViewer.swift */; };
		1DB290B1D9EC49C6EAE2E65C /* autocomplete_en_small.txt in Resources */ = {isa = PBXBuildFile; fileRef = B0F4142842E84DA500917BA5 /* autocomplete_en_small.txt */; };
		1F5B09E45AC800986527BDFB /* OCR in Frameworks */ = {isa = PBXBuildFile; productRef = A30109D67123C0BB58408A2D /* OCR */; };
		213710D1A51215815C51369A /* Assets.xcassets in Resources */ = {isa = PBXBuildFile; fileRef = 74F02A9B23651FC9CF6E037D /* Assets.xcassets */; };
		2234092A0B8CBF8D1A1F408B /* AppRouter.swift in Sources */ = {isa = PBXBuildFile; fileRef = DBC85B4A0BAC4729C0D36F43 /* AppRouter.swift */; };
		24F0E65BD3C4A709992E3687 /* agosecapp.swift~ in Resources */ = {isa = PBXBuildFile; fileRef = EB50F27D1DA82B4A72BF1DAE /* agosecapp.swift~ */; };
		27106A4A8839CB21F16D2B49 /* SettingsBackground.swift in Sources */ = {isa = PBXBuildFile; fileRef = 5DB492545AD9EC3CFF5FF94B /* SettingsBackground.swift */; };
		27CB8A3ADD094EE5BB8523EE /* StoreKitManager.swift in Sources */ = {isa = PBXBuildFile; fileRef = 1CA2D3DAA96E5A5CA5A77385 /* StoreKitManager.swift */; };
		28C58638F594BF9452A92BB4 /* Networking in Frameworks */ = {isa = PBXBuildFile; productRef = D5110BE9DEBAAA9DCF6DBF9A /* Networking */; };
		2973F0BCC89F82364979A4DF /* PhotosPermissionStepView.swift in Sources */ = {isa = PBXBuildFile; fileRef = 578DA0C01724A0584D22C718 /* PhotosPermissionStepView.swift */; };
		2A55F475BEBF8004EEF82FEA /* Assets.xcassets in Resources */ = {isa = PBXBuildFile; fileRef = 8674B69F3AE4195E2CD65273 /* Assets.xcassets */; };
		2CF620BE0BAF3B18BAF08ADC /* KeyboardNotifications.swift in Sources */ = {isa = PBXBuildFile; fileRef = 9CAD0027DF78D08574C26EE5 /* KeyboardNotifications.swift */; };
		2E069A401CB03AA6E9B1D527 /* ChatKeyboardKitView.swift in Sources */ = {isa = PBXBuildFile; fileRef = 3BB263A70556B0509B13D4E7 /* ChatKeyboardKitView.swift */; };
		316BC3F1130C2BA7E5881D1F /* KeyboardKit in Frameworks */ = {isa = PBXBuildFile; productRef = 162A6C2C0E9270232EEC4B5D /* KeyboardKit */; };
		32267817F6177FDF3FDEB660 /* DeepLinkService.swift in Sources */ = {isa = PBXBuildFile; fileRef = 23176F82F88190C1AAD3917C /* DeepLinkService.swift */; };
		358F9277B7FE847A3172C8DF /* StoreKit.framework in Frameworks */ = {isa = PBXBuildFile; fileRef = 0A04280F899B7AB26AF9408E /* StoreKit.framework */; };
		373C6391056616963804A5F2 /* KeyboardHeightCoordinator.swift in Sources */ = {isa = PBXBuildFile; fileRef = 5F1D6DE4951BAFEFBDA5F990 /* KeyboardHeightCoordinator.swift */; };
		374FB8ACEC1BD1101326E518 /* PaywallComponents.swift in Sources */ = {isa = PBXBuildFile; fileRef = 027823B5502E8180BE10005E /* PaywallComponents.swift */; };
		3CDAA745267BE0E62E135158 /* SettingsDetailViews.swift in Sources */ = {isa = PBXBuildFile; fileRef = 01049F9ED715554DB98576F6 /* SettingsDetailViews.swift */; };
		43C455A55C4839188F652614 /* FullAccessRequiredView.swift in Sources */ = {isa = PBXBuildFile; fileRef = E73D6A558ACB1B9C3A7CED7C /* FullAccessRequiredView.swift */; };
		484E04D08BAD5182CCA7A789 /* Networking in Frameworks */ = {isa = PBXBuildFile; productRef = 777C691861F5C30094126662 /* Networking */; };
		4E3E854E6DCB4BFEA3627C5C /* AgentChatView.swift in Sources */ = {isa = PBXBuildFile; fileRef = 84CC9BE6B5FCE0C3F3AC4293 /* AgentChatView.swift */; };
		4EBDED7001417087728D2205 /* AgentChatComponents.swift in Sources */ = {isa = PBXBuildFile; fileRef = 3A7E3F067D48D4BAD609257E /* AgentChatComponents.swift */; };
		4F01E425801EBAC2608AE78F /* AgentChatView+Layout.swift in Sources */ = {isa = PBXBuildFile; fileRef = DD8CC24AA7EA9462589169F7 /* AgentChatView+Layout.swift */; };
		513D50DDFF72F1FA3F647DC6 /* WelcomeStepView+Sections.swift in Sources */ = {isa = PBXBuildFile; fileRef = E5EC72036085042F6CDA05FF /* WelcomeStepView+Sections.swift */; };
		53B8EEC11FFC06E91BD3D420 /* AgentIntroComponents.swift in Sources */ = {isa = PBXBuildFile; fileRef = 0B50DA42B257DFCD3528C2DE /* AgentIntroComponents.swift */; };
		6275F7A31C65D4C160528F7F /* SharedCore in Frameworks */ = {isa = PBXBuildFile; productRef = 41CF4835FCDA549E11923672 /* SharedCore */; };
		6294AC347E9D53FBACA1BBE4 /* KeyboardEntitlementCoordinator.swift in Sources */ = {isa = PBXBuildFile; fileRef = 29A7392329AF1AE19C86B4B8 /* KeyboardEntitlementCoordinator.swift */; };
		66311697E293C1799225F198 /* EnableFullAccessStepView.swift in Sources */ = {isa = PBXBuildFile; fileRef = 28AF3FB53C6ACB9CA821C12C /* EnableFullAccessStepView.swift */; };
		666E63D4DA1A4B2E3E68CB1E /* AgosecAppTests.swift in Sources */ = {isa = PBXBuildFile; fileRef = 11337E075C9B79D37275AAC4 /* AgosecAppTests.swift */; };
		69E3E51FBE350DEE0C76EB11 /* EntitlementService.swift in Sources */ = {isa = PBXBuildFile; fileRef = 26D62785F217E799EA0F3094 /* EntitlementService.swift */; };
		6C8FA3B508727716187694AA /* LicenseKit in Frameworks */ = {isa = PBXBuildFile; productRef = 52D9C54881EDE7E8D62F1A7D /* LicenseKit */; };
		77B07AB602A3EF5286E81791 /* DemoConversationStepView.swift in Sources */ = {isa = PBXBuildFile; fileRef = 973ECDA8ED61604EEFB87538 /* DemoConversationStepView.swift */; };
		7EAB26103003A4B9EE2A001C /* LockedView.swift in Sources */ = {isa = PBXBuildFile; fileRef = 6EBC6137A6DF29B24F67425C /* LockedView.swift */; };
		7FBA672F6BD715E4187D23C4 /* SimpleAutocompleteService.swift in Sources */ = {isa = PBXBuildFile; fileRef = 4BB402C44A0D756883E87D11 /* SimpleAutocompleteService.swift */; };
		842CB107D4CC062BA462E004 /* OCR in Frameworks */ = {isa = PBXBuildFile; productRef = 8C616874A0D483F3F724656A /* OCR */; };
		8838BC9BB8FE1B7CE1FC6293 /* PermissionsService.swift in Sources */ = {isa = PBXBuildFile; fileRef = 819C7F546A48C5B88AEDAE59 /* PermissionsService.swift */; };
		8A229E8E4A97E7560771C076 /* AgentPhotoPicker.swift in Sources */ = {isa = PBXBuildFile; fileRef = BC094C79B68D148EC9F46D3D /* AgentPhotoPicker.swift */; };
		8C0616A2485A44C1D6310972 /* SymSpellSwift in Frameworks */ = {isa = PBXBuildFile; productRef = 9C4108CD2459B872A23CBA24 /* SymSpellSwift */; };
		8CA125ECB6CFFAB86DEAE37E /* KeyboardViewController.swift in Sources */ = {isa = PBXBuildFile; fileRef = 650E9FC7A6A71A5255824425 /* KeyboardViewController.swift */; };
		8D08D8E97B41F5826E3D042E /* SettingsView.swift in Sources */ = {isa = PBXBuildFile; fileRef = EED5DC25EEC7657424461B7D /* SettingsView.swift */; };
		9084AAD7E389BA320FD66EF9 /* AgentChatManager.swift in Sources */ = {isa = PBXBuildFile; fileRef = 70CFAB9CEB39EBD1C205E470 /* AgentChatManager.swift */; };
		92CEB20410AC381045ADB373 /* PhotosUI.framework in Frameworks */ = {isa = PBXBuildFile; fileRef = 4836644FDB1143EAF3953A49 /* PhotosUI.framework */; };
		947C77C6D286E43C53E6D24D /* KeyboardApp+Agosec.swift in Sources */ = {isa = PBXBuildFile; fileRef = 25DB29F91A188FA34E3C670B /* KeyboardApp+Agosec.swift */; };
		A20EEFCA501D7D8C19EE020A /* PhotosUI.framework in Frameworks */ = {isa = PBXBuildFile; fileRef = 4836644FDB1143EAF3953A49 /* PhotosUI.framework */; };
		B66EA0548371D0DC46272D8E /* DebugStatusView.swift in Sources */ = {isa = PBXBuildFile; fileRef = 6D06C0FC217B4B27B0397C95 /* DebugStatusView.swift */; };
		B75B6DAA2D6862469CF8C9A5 /* KeyboardKitTypingView.swift in Sources */ = {isa = PBXBuildFile; fileRef = BCD71007394E49A30862F8D0 /* KeyboardKitTypingView.swift */; };
		B7DA5D655EDF6D2A1F100450 /* AgentChatModels.swift in Sources */ = {isa = PBXBuildFile; fileRef = 3C0680F8947778C197FEA221 /* AgentChatModels.swift */; };
		BA0F951B8FABF135ACDB0F50 /* ClipboardService.swift in Sources */ = {isa = PBXBuildFile; fileRef = B9F56E3B9D9678923B9A526C /* ClipboardService.swift */; };
		BA7037D1F55779715122A326 /* Vision.framework in Frameworks */ = {isa = PBXBuildFile; fileRef = 3C11ED16EE4829A833DD9D76 /* Vision.framework */; };
		C019A63BAC885B55D5CC6897 /* EnableKeyboardStepView.swift in Sources */ = {isa = PBXBuildFile; fileRef = 14B707FCB09D726FA9EA0A07 /* EnableKeyboardStepView.swift */; };
		C2509168BD4781646A892275 /* UIComponents in Frameworks */ = {isa = PBXBuildFile; productRef = 27E92FF186CE5E553BB70DF9 /* UIComponents */; };
		C802E7612374DCBC7F6DCF84 /* KeyboardKit in Frameworks */ = {isa = PBXBuildFile; productRef = 047713ADEAAB40F8F754372C /* KeyboardKit */; };
		CD8F68F23EF0DE109287E560 /* AgosecApp.swift in Sources */ = {isa = PBXBuildFile; fileRef = DC8D64B689AC51651C72EE2F /* AgosecApp.swift */; };
		D2FD498A7FBAD286584A52A3 /* ChatAPIProvider.swift in Sources */ = {isa = PBXBuildFile; fileRef = F48C751895709A05785FA1C2 /* ChatAPIProvider.swift */; };
		DB9D3EAE88B99DA059EE0F89 /* SharedCore in Frameworks */ = {isa = PBXBuildFile; productRef = 9F34A3C15C9412DE4484E5A3 /* SharedCore */; };
		DE6F5AEE00CC0E24B93E2810 /* OnboardingCoordinator.swift in Sources */ = {isa = PBXBuildFile; fileRef = C556C5FC97E31392448D5EA1 /* OnboardingCoordinator.swift */; };
		E083FD6177C2ACDDE75D5956 /* AgentKeyboardView.swift in Sources */ = {isa = PBXBuildFile; fileRef = 0CBB4005A3D49462F0290F46 /* AgentKeyboardView.swift */; };
		E0D8E745F6DE201B776F8548 /* AgosecKeyboardExtension.appex in Embed Foundation Extensions */ = {isa = PBXBuildFile; fileRef = C04ED5D49B07F41FD02A4C3F /* AgosecKeyboardExtension.appex */; settings = {ATTRIBUTES = (RemoveHeadersOnCopy, ); }; };
		E2054F54338EBAD71ED36300 /* StoreKit.framework in Frameworks */ = {isa = PBXBuildFile; fileRef = 0A04280F899B7AB26AF9408E /* StoreKit.framework */; };
		E5C05A7C60FC3C83F6F50BD2 /* StoreKitEntitlementChecker.swift in Sources */ = {isa = PBXBuildFile; fileRef = 7FDBF7CC4582788C2161794E /* StoreKitEntitlementChecker.swift */; };
		E9266524864EB977971E8051 /* LogoLoader.swift in Sources */ = {isa = PBXBuildFile; fileRef = BC160C374313E84614CA78F8 /* LogoLoader.swift */; };
		EB42895D14EEA78D17781CDB /* .agosecapp.swift.un~ in Resources */ = {isa = PBXBuildFile; fileRef = 7B18FD422674C8263B5F60E9 /* .agosecapp.swift.un~ */; };
		F7E02359F6A6A0A7C0E3D280 /* View+AppLifecycle.swift in Sources */ = {isa = PBXBuildFile; fileRef = 0A72B98A9C73904EF3853836 /* View+AppLifecycle.swift */; };
		FCBE9A29DB237CD4B92A504F /* AgentIntroView.swift in Sources */ = {isa = PBXBuildFile; fileRef = 370422D27A7B2572EEE77040 /* AgentIntroView.swift */; };
		FCF0FA98A0D76754524C1550 /* KeyboardHeightManager.swift in Sources */ = {isa = PBXBuildFile; fileRef = A4CCF91574F43C111200C91E /* KeyboardHeightManager.swift */; };
		FF9094ADA1B226A114FBE198 /* EmptyChatStateView.swift in Sources */ = {isa = PBXBuildFile; fileRef = 4E56E1793F9347F73634BE9E /* EmptyChatStateView.swift */; };
/* End PBXBuildFile section */

/* Begin PBXContainerItemProxy section */
		9802B13A769E9F53B836E4C1 /* PBXContainerItemProxy */ = {
			isa = PBXContainerItemProxy;
			containerPortal = F5F71E15A87BE87F33E36436 /* Project object */;
			proxyType = 1;
			remoteGlobalIDString = 3A70232E9527D4D618B77439;
			remoteInfo = AgosecApp;
		};
		DA1BBB66F223F87C79F0A1C2 /* PBXContainerItemProxy */ = {
			isa = PBXContainerItemProxy;
			containerPortal = F5F71E15A87BE87F33E36436 /* Project object */;
			proxyType = 1;
			remoteGlobalIDString = 494F1080882E39B2D8727B54;
			remoteInfo = AgosecKeyboardExtension;
		};
/* End PBXContainerItemProxy section */

/* Begin PBXCopyFilesBuildPhase section */
		BA18829303B924F86D29E535 /* Embed Foundation Extensions */ = {
			isa = PBXCopyFilesBuildPhase;
			buildActionMask = 2147483647;
			dstPath = "";
			dstSubfolderSpec = 13;
			files = (
				E0D8E745F6DE201B776F8548 /* AgosecKeyboardExtension.appex in Embed Foundation Extensions */,
			);
			name = "Embed Foundation Extensions";
			runOnlyForDeploymentPostprocessing = 0;
		};
/* End PBXCopyFilesBuildPhase section */

/* Begin PBXFileReference section */
		01049F9ED715554DB98576F6 /* SettingsDetailViews.swift */ = {isa = PBXFileReference; lastKnownFileType = sourcecode.swift; path = SettingsDetailViews.swift; sourceTree = "<group>"; };
		027823B5502E8180BE10005E /* PaywallComponents.swift */ = {isa = PBXFileReference; lastKnownFileType = sourcecode.swift; path = PaywallComponents.swift; sourceTree = "<group>"; };
		06D0779FC3C7B1C7B3C541B7 /* install_swiftlint.sh */ = {isa = PBXFileReference; lastKnownFileType = text.script.sh; path = install_swiftlint.sh; sourceTree = "<group>"; };
		0A04280F899B7AB26AF9408E /* StoreKit.framework */ = {isa = PBXFileReference; lastKnownFileType = wrapper.framework; name = StoreKit.framework; path = System/Library/Frameworks/StoreKit.framework; sourceTree = SDKROOT; };
		0A70A0B12FD8612059B6984E /* FeatureFlags.swift */ = {isa = PBXFileReference; lastKnownFileType = sourcecode.swift; path = FeatureFlags.swift; sourceTree = "<group>"; };
		0A72B98A9C73904EF3853836 /* View+AppLifecycle.swift */ = {isa = PBXFileReference; lastKnownFileType = sourcecode.swift; path = "View+AppLifecycle.swift"; sourceTree = "<group>"; };
		0A86B9883861E9D4F5D06742 /* xcschememanagement.plist */ = {isa = PBXFileReference; lastKnownFileType = text.plist; path = xcschememanagement.plist; sourceTree = "<group>"; };
		0B50DA42B257DFCD3528C2DE /* AgentIntroComponents.swift */ = {isa = PBXFileReference; lastKnownFileType = sourcecode.swift; path = AgentIntroComponents.swift; sourceTree = "<group>"; };
		0CBB4005A3D49462F0290F46 /* AgentKeyboardView.swift */ = {isa = PBXFileReference; lastKnownFileType = sourcecode.swift; path = AgentKeyboardView.swift; sourceTree = "<group>"; };
		0DCB67B613EAE1C3816C1069 /* README.md */ = {isa = PBXFileReference; lastKnownFileType = net.daringfireball.markdown; path = README.md; sourceTree = "<group>"; };
		10E2F6E9AB5E62C865325A66 /* BackgroundModifiers.swift */ = {isa = PBXFileReference; lastKnownFileType = sourcecode.swift; path = BackgroundModifiers.swift; sourceTree = "<group>"; };
		11337E075C9B79D37275AAC4 /* AgosecAppTests.swift */ = {isa = PBXFileReference; lastKnownFileType = sourcecode.swift; path = AgosecAppTests.swift; sourceTree = "<group>"; };
		1234A055BE0DADC384F8C8A1 /* OnboardingStepScaffold.swift */ = {isa = PBXFileReference; lastKnownFileType = sourcecode.swift; path = OnboardingStepScaffold.swift; sourceTree = "<group>"; };
		13C60E46F6DEBA39C3AF873D /* Package.swift */ = {isa = PBXFileReference; lastKnownFileType = sourcecode.swift; path = Package.swift; sourceTree = "<group>"; };
		14B707FCB09D726FA9EA0A07 /* EnableKeyboardStepView.swift */ = {isa = PBXFileReference; lastKnownFileType = sourcecode.swift; path = EnableKeyboardStepView.swift; sourceTree = "<group>"; };
		1BFFFC9422A111050E2BC427 /* FileLogger.swift */ = {isa = PBXFileReference; lastKnownFileType = sourcecode.swift; path = FileLogger.swift; sourceTree = "<group>"; };
		1CA2D3DAA96E5A5CA5A77385 /* StoreKitManager.swift */ = {isa = PBXFileReference; lastKnownFileType = sourcecode.swift; path = StoreKitManager.swift; sourceTree = "<group>"; };
		1EB66CCBA4581A1C2FCCEBBC /* xcschememanagement.plist */ = {isa = PBXFileReference; lastKnownFileType = text.plist; path = xcschememanagement.plist; sourceTree = "<group>"; };
		20EAFAD5E446F6F8804CD899 /* Package.swift */ = {isa = PBXFileReference; lastKnownFileType = sourcecode.swift; path = Package.swift; sourceTree = "<group>"; };
		23176F82F88190C1AAD3917C /* DeepLinkService.swift */ = {isa = PBXFileReference; lastKnownFileType = sourcecode.swift; path = DeepLinkService.swift; sourceTree = "<group>"; };
		23FB1FF16ED9F153AA737BBE /* xcschememanagement.plist */ = {isa = PBXFileReference; lastKnownFileType = text.plist; path = xcschememanagement.plist; sourceTree = "<group>"; };
		24900B707CE178846E3BDCF1 /* xcschememanagement.plist */ = {isa = PBXFileReference; lastKnownFileType = text.plist; path = xcschememanagement.plist; sourceTree = "<group>"; };
		25DB29F91A188FA34E3C670B /* KeyboardApp+Agosec.swift */ = {isa = PBXFileReference; lastKnownFileType = sourcecode.swift; path = "KeyboardApp+Agosec.swift"; sourceTree = "<group>"; };
		26D62785F217E799EA0F3094 /* EntitlementService.swift */ = {isa = PBXFileReference; lastKnownFileType = sourcecode.swift; path = EntitlementService.swift; sourceTree = "<group>"; };
		28AF3FB53C6ACB9CA821C12C /* EnableFullAccessStepView.swift */ = {isa = PBXFileReference; lastKnownFileType = sourcecode.swift; path = EnableFullAccessStepView.swift; sourceTree = "<group>"; };
		28C4AFEFE3B95617A1048344 /* BuildMode.swift */ = {isa = PBXFileReference; lastKnownFileType = sourcecode.swift; path = BuildMode.swift; sourceTree = "<group>"; };
		29A7392329AF1AE19C86B4B8 /* KeyboardEntitlementCoordinator.swift */ = {isa = PBXFileReference; lastKnownFileType = sourcecode.swift; path = KeyboardEntitlementCoordinator.swift; sourceTree = "<group>"; };
		2C6BE21AAD33507BB9AB726E /* Networking */ = {isa = PBXFileReference; lastKnownFileType = folder; name = Networking; path = Packages/Networking; sourceTree = SOURCE_ROOT; };
		2CF828356E976E4B782031FB /* LogViewer.swift */ = {isa = PBXFileReference; lastKnownFileType = sourcecode.swift; path = LogViewer.swift; sourceTree = "<group>"; };
		2D080C49512004B225E4E1D5 /* OCRService.swift */ = {isa = PBXFileReference; lastKnownFileType = sourcecode.swift; path = OCRService.swift; sourceTree = "<group>"; };
		33FB1296CD47062F748B9546 /* MockOCRService.swift */ = {isa = PBXFileReference; lastKnownFileType = sourcecode.swift; path = MockOCRService.swift; sourceTree = "<group>"; };
		3489A2CD644369E9814B4335 /* TypographyModifiers.swift */ = {isa = PBXFileReference; lastKnownFileType = sourcecode.swift; path = TypographyModifiers.swift; sourceTree = "<group>"; };
		370422D27A7B2572EEE77040 /* AgentIntroView.swift */ = {isa = PBXFileReference; lastKnownFileType = sourcecode.swift; path = AgentIntroView.swift; sourceTree = "<group>"; };
		394626E1A51926CC73DBC836 /* Haptics.swift */ = {isa = PBXFileReference; lastKnownFileType = sourcecode.swift; path = Haptics.swift; sourceTree = "<group>"; };
		39D5CED690FD1EBB5181C249 /* UserPresentableError.swift */ = {isa = PBXFileReference; lastKnownFileType = sourcecode.swift; path = UserPresentableError.swift; sourceTree = "<group>"; };
		3A7E3F067D48D4BAD609257E /* AgentChatComponents.swift */ = {isa = PBXFileReference; lastKnownFileType = sourcecode.swift; path = AgentChatComponents.swift; sourceTree = "<group>"; };
		3B4CE7F3A0DCF0475B98017A /* AppGroupStorage.swift */ = {isa = PBXFileReference; lastKnownFileType = sourcecode.swift; path = AppGroupStorage.swift; sourceTree = "<group>"; };
		3BB263A70556B0509B13D4E7 /* ChatKeyboardKitView.swift */ = {isa = PBXFileReference; lastKnownFileType = sourcecode.swift; path = ChatKeyboardKitView.swift; sourceTree = "<group>"; };
		3C0680F8947778C197FEA221 /* AgentChatModels.swift */ = {isa = PBXFileReference; lastKnownFileType = sourcecode.swift; path = AgentChatModels.swift; sourceTree = "<group>"; };
		3C11ED16EE4829A833DD9D76 /* Vision.framework */ = {isa = PBXFileReference; lastKnownFileType = wrapper.framework; name = Vision.framework; path = System/Library/Frameworks/Vision.framework; sourceTree = SDKROOT; };
		425E5F9C83D7DDC8B3E1445B /* ActionButton.swift */ = {isa = PBXFileReference; lastKnownFileType = sourcecode.swift; path = ActionButton.swift; sourceTree = "<group>"; };
		4836644FDB1143EAF3953A49 /* PhotosUI.framework */ = {isa = PBXFileReference; lastKnownFileType = wrapper.framework; name = PhotosUI.framework; path = System/Library/Frameworks/PhotosUI.framework; sourceTree = SDKROOT; };
		4971D442AE9FDAE7C67B8A54 /* xcschememanagement.plist */ = {isa = PBXFileReference; lastKnownFileType = text.plist; path = xcschememanagement.plist; sourceTree = "<group>"; };
		4BB402C44A0D756883E87D11 /* SimpleAutocompleteService.swift */ = {isa = PBXFileReference; lastKnownFileType = sourcecode.swift; path = SimpleAutocompleteService.swift; sourceTree = "<group>"; };
		4C26271F589E16380595488F /* AuthAPI.swift */ = {isa = PBXFileReference; lastKnownFileType = sourcecode.swift; path = AuthAPI.swift; sourceTree = "<group>"; };
		4E56E1793F9347F73634BE9E /* EmptyChatStateView.swift */ = {isa = PBXFileReference; lastKnownFileType = sourcecode.swift; path = EmptyChatStateView.swift; sourceTree = "<group>"; };
		4FF1B413BD9F4AC0D4FAE413 /* LayoutModifiers.swift */ = {isa = PBXFileReference; lastKnownFileType = sourcecode.swift; path = LayoutModifiers.swift; sourceTree = "<group>"; };
		5218875CEBC5EA29CBAC9740 /* bigrams_en_small.txt */ = {isa = PBXFileReference; lastKnownFileType = text; path = bigrams_en_small.txt; sourceTree = "<group>"; };
		578DA0C01724A0584D22C718 /* PhotosPermissionStepView.swift */ = {isa = PBXFileReference; lastKnownFileType = sourcecode.swift; path = PhotosPermissionStepView.swift; sourceTree = "<group>"; };
		5AEE0022FB8596F65D2C0E5E /* ToastView.swift */ = {isa = PBXFileReference; lastKnownFileType = sourcecode.swift; path = ToastView.swift; sourceTree = "<group>"; };
		5BB66781736C1D8A0B25F181 /* ServiceFactory.swift */ = {isa = PBXFileReference; lastKnownFileType = sourcecode.swift; path = ServiceFactory.swift; sourceTree = "<group>"; };
		5C6C6BC877A6AA9DCC63A65D /* Package.swift */ = {isa = PBXFileReference; lastKnownFileType = sourcecode.swift; path = Package.swift; sourceTree = "<group>"; };
		5DB492545AD9EC3CFF5FF94B /* SettingsBackground.swift */ = {isa = PBXFileReference; lastKnownFileType = sourcecode.swift; path = SettingsBackground.swift; sourceTree = "<group>"; };
		5F1D6DE4951BAFEFBDA5F990 /* KeyboardHeightCoordinator.swift */ = {isa = PBXFileReference; lastKnownFileType = sourcecode.swift; path = KeyboardHeightCoordinator.swift; sourceTree = "<group>"; };
		60FF0CC9582B37B5811FB19B /* AgosecApp.entitlements */ = {isa = PBXFileReference; lastKnownFileType = text.plist.entitlements; path = AgosecApp.entitlements; sourceTree = "<group>"; };
		650E9FC7A6A71A5255824425 /* KeyboardViewController.swift */ = {isa = PBXFileReference; lastKnownFileType = sourcecode.swift; path = KeyboardViewController.swift; sourceTree = "<group>"; };
		6B359B48AAD67DF96F0C966C /* MockServices.swift */ = {isa = PBXFileReference; lastKnownFileType = sourcecode.swift; path = MockServices.swift; sourceTree = "<group>"; };
		6D06C0FC217B4B27B0397C95 /* DebugStatusView.swift */ = {isa = PBXFileReference; lastKnownFileType = sourcecode.swift; path = DebugStatusView.swift; sourceTree = "<group>"; };
		6DA6599380AFD5276ACA0229 /* xcschememanagement.plist */ = {isa = PBXFileReference; lastKnownFileType = text.plist; path = xcschememanagement.plist; sourceTree = "<group>"; };
		6EBC6137A6DF29B24F67425C /* LockedView.swift */ = {isa = PBXFileReference; lastKnownFileType = sourcecode.swift; path = LockedView.swift; sourceTree = "<group>"; };
		70CFAB9CEB39EBD1C205E470 /* AgentChatManager.swift */ = {isa = PBXFileReference; lastKnownFileType = sourcecode.swift; path = AgentChatManager.swift; sourceTree = "<group>"; };
		721A03CDCB5DB67064C44C1B /* xcschememanagement.plist */ = {isa = PBXFileReference; lastKnownFileType = text.plist; path = xcschememanagement.plist; sourceTree = "<group>"; };
		74F02A9B23651FC9CF6E037D /* Assets.xcassets */ = {isa = PBXFileReference; lastKnownFileType = folder.assetcatalog; path = Assets.xcassets; sourceTree = "<group>"; };
		75CB467E633965711606A355 /* AgosecAppTests.xctest */ = {isa = PBXFileReference; includeInIndex = 0; lastKnownFileType = wrapper.cfbundle; path = AgosecAppTests.xctest; sourceTree = BUILT_PRODUCTS_DIR; };
		76C8B3E24E65445642D45217 /* xcschememanagement.plist */ = {isa = PBXFileReference; lastKnownFileType = text.plist; path = xcschememanagement.plist; sourceTree = "<group>"; };
		78449FACFD81472D916591BE /* GlassmorphicBackground.swift */ = {isa = PBXFileReference; lastKnownFileType = sourcecode.swift; path = GlassmorphicBackground.swift; sourceTree = "<group>"; };
		7B18FD422674C8263B5F60E9 /* .agosecapp.swift.un~ */ = {isa = PBXFileReference; path = ".agosecapp.swift.un~"; sourceTree = "<group>"; };
		7B19ED644CA9E86A14656958 /* AccessCopy.swift */ = {isa = PBXFileReference; lastKnownFileType = sourcecode.swift; path = AccessCopy.swift; sourceTree = "<group>"; };
		7D06274BDAD00F01ED188AA5 /* APIClient.swift */ = {isa = PBXFileReference; lastKnownFileType = sourcecode.swift; path = APIClient.swift; sourceTree = "<group>"; };
		7E6AC848F49CC73C3C497EE8 /* OCRError.swift */ = {isa = PBXFileReference; lastKnownFileType = sourcecode.swift; path = OCRError.swift; sourceTree = "<group>"; };
		7E6C7961845C9D2672A23589 /* SettingsComponents.swift */ = {isa = PBXFileReference; lastKnownFileType = sourcecode.swift; path = SettingsComponents.swift; sourceTree = "<group>"; };
		7EC57E1A6ECDC11D4D927758 /* AgosecApp.app */ = {isa = PBXFileReference; includeInIndex = 0; lastKnownFileType = wrapper.application; path = AgosecApp.app; sourceTree = BUILT_PRODUCTS_DIR; };
		7FDBF7CC4582788C2161794E /* StoreKitEntitlementChecker.swift */ = {isa = PBXFileReference; lastKnownFileType = sourcecode.swift; path = StoreKitEntitlementChecker.swift; sourceTree = "<group>"; };
		808523D5DB40E3879AD94E22 /* AppGroupKeys.swift */ = {isa = PBXFileReference; lastKnownFileType = sourcecode.swift; path = AppGroupKeys.swift; sourceTree = "<group>"; };
		819C7F546A48C5B88AEDAE59 /* PermissionsService.swift */ = {isa = PBXFileReference; lastKnownFileType = sourcecode.swift; path = PermissionsService.swift; sourceTree = "<group>"; };
		84CC9BE6B5FCE0C3F3AC4293 /* AgentChatView.swift */ = {isa = PBXFileReference; lastKnownFileType = sourcecode.swift; path = AgentChatView.swift; sourceTree = "<group>"; };
		862AB9D5A06E046C2AD587E2 /* ResponsiveSystem.swift */ = {isa = PBXFileReference; lastKnownFileType = sourcecode.swift; path = ResponsiveSystem.swift; sourceTree = "<group>"; };
		8674B69F3AE4195E2CD65273 /* Assets.xcassets */ = {isa = PBXFileReference; lastKnownFileType = folder.assetcatalog; path = Assets.xcassets; sourceTree = "<group>"; };
		8891D0DAC1911294B740A3D1 /* Info.plist */ = {isa = PBXFileReference; lastKnownFileType = text.plist; path = Info.plist; sourceTree = "<group>"; };
		8A5F2ECCE82BC728FC269D98 /* ChatAPI.swift */ = {isa = PBXFileReference; lastKnownFileType = sourcecode.swift; path = ChatAPI.swift; sourceTree = "<group>"; };
		8E3C9E30D6040D7BBE4943EE /* MainAppView.swift */ = {isa = PBXFileReference; lastKnownFileType = sourcecode.swift; path = MainAppView.swift; sourceTree = "<group>"; };
		8E6AE9001CA03D73768CC5B6 /* UIComponents */ = {isa = PBXFileReference; lastKnownFileType = folder; name = UIComponents; path = Packages/UIComponents; sourceTree = SOURCE_ROOT; };
		92F19468DFDB89C4C2C66E39 /* OnboardingStepTemplate.swift */ = {isa = PBXFileReference; lastKnownFileType = sourcecode.swift; path = OnboardingStepTemplate.swift; sourceTree = "<group>"; };
		93FC215F1D66E33BBAB38768 /* OCR */ = {isa = PBXFileReference; lastKnownFileType = folder; name = OCR; path = Packages/OCR; sourceTree = SOURCE_ROOT; };
		9455AA86CD42B9C25A0274E5 /* ErrorMapper.swift */ = {isa = PBXFileReference; lastKnownFileType = sourcecode.swift; path = ErrorMapper.swift; sourceTree = "<group>"; };
		963BCB653306CC878670AC00 /* xcschememanagement.plist */ = {isa = PBXFileReference; lastKnownFileType = text.plist; path = xcschememanagement.plist; sourceTree = "<group>"; };
		973ECDA8ED61604EEFB87538 /* DemoConversationStepView.swift */ = {isa = PBXFileReference; lastKnownFileType = sourcecode.swift; path = DemoConversationStepView.swift; sourceTree = "<group>"; };
		9CAD0027DF78D08574C26EE5 /* KeyboardNotifications.swift */ = {isa = PBXFileReference; lastKnownFileType = sourcecode.swift; path = KeyboardNotifications.swift; sourceTree = "<group>"; };
		9E70B559A56375BC043D7B77 /* LoadingOverlay.swift */ = {isa = PBXFileReference; lastKnownFileType = sourcecode.swift; path = LoadingOverlay.swift; sourceTree = "<group>"; };
		9EB7D06C4DB5E16B7ACAD33F /* PaywallView.swift */ = {isa = PBXFileReference; lastKnownFileType = sourcecode.swift; path = PaywallView.swift; sourceTree = "<group>"; };
		A04741E730C8F90DB4F0A159 /* ToastOverlay.swift */ = {isa = PBXFileReference; lastKnownFileType = sourcecode.swift; path = ToastOverlay.swift; sourceTree = "<group>"; };
		A4CCF91574F43C111200C91E /* KeyboardHeightManager.swift */ = {isa = PBXFileReference; lastKnownFileType = sourcecode.swift; path = KeyboardHeightManager.swift; sourceTree = "<group>"; };
		AAFFD2ABBB69F205838DD583 /* AgosecKeyboardExtension.entitlements */ = {isa = PBXFileReference; lastKnownFileType = text.plist.entitlements; path = AgosecKeyboardExtension.entitlements; sourceTree = "<group>"; };
		ADE08D66AA046CD22CB9F18F /* xcschememanagement.plist */ = {isa = PBXFileReference; lastKnownFileType = text.plist; path = xcschememanagement.plist; sourceTree = "<group>"; };
		B0F4142842E84DA500917BA5 /* autocomplete_en_small.txt */ = {isa = PBXFileReference; lastKnownFileType = text; path = autocomplete_en_small.txt; sourceTree = "<group>"; };
		B37A7322D453F8F967B0EFBE /* EntitlementState.swift */ = {isa = PBXFileReference; lastKnownFileType = sourcecode.swift; path = EntitlementState.swift; sourceTree = "<group>"; };
		B9F56E3B9D9678923B9A526C /* ClipboardService.swift */ = {isa = PBXFileReference; lastKnownFileType = sourcecode.swift; path = ClipboardService.swift; sourceTree = "<group>"; };
		BA642BE0FC3899F1AD8BBA69 /* EntitlementEvaluator.swift */ = {isa = PBXFileReference; lastKnownFileType = sourcecode.swift; path = EntitlementEvaluator.swift; sourceTree = "<group>"; };
		BC094C79B68D148EC9F46D3D /* AgentPhotoPicker.swift */ = {isa = PBXFileReference; lastKnownFileType = sourcecode.swift; path = AgentPhotoPicker.swift; sourceTree = "<group>"; };
		BC160C374313E84614CA78F8 /* LogoLoader.swift */ = {isa = PBXFileReference; lastKnownFileType = sourcecode.swift; path = LogoLoader.swift; sourceTree = "<group>"; };
		BCD71007394E49A30862F8D0 /* KeyboardKitTypingView.swift */ = {isa = PBXFileReference; lastKnownFileType = sourcecode.swift; path = KeyboardKitTypingView.swift; sourceTree = "<group>"; };
		BF0E3B48A96B89265B704E9D /* WelcomeStepView.swift */ = {isa = PBXFileReference; lastKnownFileType = sourcecode.swift; path = WelcomeStepView.swift; sourceTree = "<group>"; };
		C04ED5D49B07F41FD02A4C3F /* AgosecKeyboardExtension.appex */ = {isa = PBXFileReference; includeInIndex = 0; lastKnownFileType = "wrapper.app-extension"; path = AgosecKeyboardExtension.appex; sourceTree = BUILT_PRODUCTS_DIR; };
		C23D63E94F6154B26B31D78B /* Package.swift */ = {isa = PBXFileReference; lastKnownFileType = sourcecode.swift; path = Package.swift; sourceTree = "<group>"; };
		C51D39BA82041055988575E3 /* ChatTurn.swift */ = {isa = PBXFileReference; lastKnownFileType = sourcecode.swift; path = ChatTurn.swift; sourceTree = "<group>"; };
		C556C5FC97E31392448D5EA1 /* OnboardingCoordinator.swift */ = {isa = PBXFileReference; lastKnownFileType = sourcecode.swift; path = OnboardingCoordinator.swift; sourceTree = "<group>"; };
		C6D29F089FEB0DBC9F3DB0E0 /* AgentIntroOverlays.swift */ = {isa = PBXFileReference; lastKnownFileType = sourcecode.swift; path = AgentIntroOverlays.swift; sourceTree = "<group>"; };
		CB465061E2DDC07FD386BBF2 /* Config.swift */ = {isa = PBXFileReference; lastKnownFileType = sourcecode.swift; path = Config.swift; sourceTree = "<group>"; };
		CBBF09B25ED99FB3BB3A1F71 /* KeyboardState.swift */ = {isa = PBXFileReference; lastKnownFileType = sourcecode.swift; path = KeyboardState.swift; sourceTree = "<group>"; };
		CBCD7B7574D4ABABE71C9070 /* xcschememanagement.plist */ = {isa = PBXFileReference; lastKnownFileType = text.plist; path = xcschememanagement.plist; sourceTree = "<group>"; };
		D3C1A6DFB75AA05523F8477E /* SharedCore */ = {isa = PBXFileReference; lastKnownFileType = folder; name = SharedCore; path = Packages/SharedCore; sourceTree = SOURCE_ROOT; };
		D64A9BC0F518E0FADD3AE2EE /* SpacingSystem.swift */ = {isa = PBXFileReference; lastKnownFileType = sourcecode.swift; path = SpacingSystem.swift; sourceTree = "<group>"; };
		DBC85B4A0BAC4729C0D36F43 /* AppRouter.swift */ = {isa = PBXFileReference; lastKnownFileType = sourcecode.swift; path = AppRouter.swift; sourceTree = "<group>"; };
		DBEC355449ECEBB96F746D26 /* ServiceFactoryError.swift */ = {isa = PBXFileReference; lastKnownFileType = sourcecode.swift; path = ServiceFactoryError.swift; sourceTree = "<group>"; };
		DC8D64B689AC51651C72EE2F /* AgosecApp.swift */ = {isa = PBXFileReference; lastKnownFileType = sourcecode.swift; path = AgosecApp.swift; sourceTree = "<group>"; };
		DD8CC24AA7EA9462589169F7 /* AgentChatView+Layout.swift */ = {isa = PBXFileReference; lastKnownFileType = sourcecode.swift; path = "AgentChatView+Layout.swift"; sourceTree = "<group>"; };
		E3FA90E6E8A311B6E881EB4B /* Info.plist */ = {isa = PBXFileReference; lastKnownFileType = text.plist; path = Info.plist; sourceTree = "<group>"; };
		E5EC72036085042F6CDA05FF /* WelcomeStepView+Sections.swift */ = {isa = PBXFileReference; lastKnownFileType = sourcecode.swift; path = "WelcomeStepView+Sections.swift"; sourceTree = "<group>"; };
		E73D6A558ACB1B9C3A7CED7C /* FullAccessRequiredView.swift */ = {isa = PBXFileReference; lastKnownFileType = sourcecode.swift; path = FullAccessRequiredView.swift; sourceTree = "<group>"; };
		EB50F27D1DA82B4A72BF1DAE /* agosecapp.swift~ */ = {isa = PBXFileReference; path = "agosecapp.swift~"; sourceTree = "<group>"; };
		EE1ED459CAF6F7D563FB8CF3 /* xcschememanagement.plist */ = {isa = PBXFileReference; lastKnownFileType = text.plist; path = xcschememanagement.plist; sourceTree = "<group>"; };
		EED5DC25EEC7657424461B7D /* SettingsView.swift */ = {isa = PBXFileReference; lastKnownFileType = sourcecode.swift; path = SettingsView.swift; sourceTree = "<group>"; };
		F21935E90B8819D2F70143A5 /* SplashScreenView.swift */ = {isa = PBXFileReference; lastKnownFileType = sourcecode.swift; path = SplashScreenView.swift; sourceTree = "<group>"; };
		F48C751895709A05785FA1C2 /* ChatAPIProvider.swift */ = {isa = PBXFileReference; lastKnownFileType = sourcecode.swift; path = ChatAPIProvider.swift; sourceTree = "<group>"; };
		F86EE979776A305E345A0D50 /* APIError.swift */ = {isa = PBXFileReference; lastKnownFileType = sourcecode.swift; path = APIError.swift; sourceTree = "<group>"; };
		FA1DA59B58C731EAF765C2E4 /* PageIndicator.swift */ = {isa = PBXFileReference; lastKnownFileType = sourcecode.swift; path = PageIndicator.swift; sourceTree = "<group>"; };
		FA2A9772015B2C0D8CEC67A1 /* EntitlementAPI.swift */ = {isa = PBXFileReference; lastKnownFileType = sourcecode.swift; path = EntitlementAPI.swift; sourceTree = "<group>"; };
		FED76F7084A366062131AF0D /* SpacingModifiers.swift */ = {isa = PBXFileReference; lastKnownFileType = sourcecode.swift; path = SpacingModifiers.swift; sourceTree = "<group>"; };
/* End PBXFileReference section */

/* Begin PBXFrameworksBuildPhase section */
		2C82C86F01D1966319D6D7D3 /* Frameworks */ = {
			isa = PBXFrameworksBuildPhase;
			buildActionMask = 2147483647;
			files = (
				6275F7A31C65D4C160528F7F /* SharedCore in Frameworks */,
				484E04D08BAD5182CCA7A789 /* Networking in Frameworks */,
				842CB107D4CC062BA462E004 /* OCR in Frameworks */,
				101BE96550FD506F7E5453A0 /* UIComponents in Frameworks */,
				316BC3F1130C2BA7E5881D1F /* KeyboardKit in Frameworks */,
				8C0616A2485A44C1D6310972 /* SymSpellSwift in Frameworks */,
				6C8FA3B508727716187694AA /* LicenseKit in Frameworks */,
				BA7037D1F55779715122A326 /* Vision.framework in Frameworks */,
				A20EEFCA501D7D8C19EE020A /* PhotosUI.framework in Frameworks */,
				E2054F54338EBAD71ED36300 /* StoreKit.framework in Frameworks */,
			);
			runOnlyForDeploymentPostprocessing = 0;
		};
		70E5806B3B18F410793322D6 /* Frameworks */ = {
			isa = PBXFrameworksBuildPhase;
			buildActionMask = 2147483647;
			files = (
				DB9D3EAE88B99DA059EE0F89 /* SharedCore in Frameworks */,
				28C58638F594BF9452A92BB4 /* Networking in Frameworks */,
				1F5B09E45AC800986527BDFB /* OCR in Frameworks */,
				C2509168BD4781646A892275 /* UIComponents in Frameworks */,
				C802E7612374DCBC7F6DCF84 /* KeyboardKit in Frameworks */,
				358F9277B7FE847A3172C8DF /* StoreKit.framework in Frameworks */,
				92CEB20410AC381045ADB373 /* PhotosUI.framework in Frameworks */,
			);
			runOnlyForDeploymentPostprocessing = 0;
		};
/* End PBXFrameworksBuildPhase section */

/* Begin PBXGroup section */
		0185AB67BF3420D19F98EB13 /* miahall.xcuserdatad */ = {
			isa = PBXGroup;
			children = (
				20E56BFF9D84083A95758107 /* xcschemes */,
			);
			path = miahall.xcuserdatad;
			sourceTree = "<group>";
		};
		02EF3ACB440F9BE51CDFFE24 /* .swiftpm */ = {
			isa = PBXGroup;
			children = (
				4173DACD4EC41B2FAB60D5EA /* xcode */,
			);
			path = .swiftpm;
			sourceTree = "<group>";
		};
		04AC753C5295B7EBD8181C9A /* AgosecAppTests */ = {
			isa = PBXGroup;
			children = (
				11337E075C9B79D37275AAC4 /* AgosecAppTests.swift */,
			);
			path = AgosecAppTests;
			sourceTree = "<group>";
		};
		0CE0AF8C995D919F0AE5A02C /* SharedCore */ = {
			isa = PBXGroup;
			children = (
				83FE6D47FFCBD0E528085584 /* Config */,
				9DAA00A716423D38A8D220B1 /* Entitlements */,
				5AEDA2CDAE4ED59728E3F8F9 /* Models */,
				AB7607FF27755B45307944ED /* Persistence */,
				589131030C866CCB2265EEE1 /* Utils */,
				1BFFFC9422A111050E2BC427 /* FileLogger.swift */,
			);
			path = SharedCore;
			sourceTree = "<group>";
		};
		0E44DCD1B4DE5EA1E84D0464 /* user290905.xcuserdatad */ = {
			isa = PBXGroup;
			children = (
				307B667B454FEE3566F623B5 /* xcschemes */,
			);
			path = user290905.xcuserdatad;
			sourceTree = "<group>";
		};
		0E6F0F20C9C831D24C835684 /* Sources */ = {
			isa = PBXGroup;
			children = (
				0CE0AF8C995D919F0AE5A02C /* SharedCore */,
			);
			path = Sources;
			sourceTree = "<group>";
		};
		1080A2FA15EF2E597044FEDE /* PageIndicator */ = {
			isa = PBXGroup;
			children = (
				FA1DA59B58C731EAF765C2E4 /* PageIndicator.swift */,
			);
			path = PageIndicator;
			sourceTree = "<group>";
		};
		1256CF361FA3C8AB05532BA0 = {
			isa = PBXGroup;
			children = (
				841D0F71573C998C36E39A45 /* AgosecApp */,
				04AC753C5295B7EBD8181C9A /* AgosecAppTests */,
				8DA7581590E612F5FD0E2E18 /* AgosecKeyboardExtension */,
				D06B98D22D361C875A60A5B7 /* Packages */,
				0DCB67B613EAE1C3816C1069 /* README.md */,
				EA39137189A04B4FF07FAD38 /* Frameworks */,
				FD41717693FFB9DE3981FA94 /* Products */,
			);
			sourceTree = "<group>";
		};
		15BC8EE8A6F69ED90B0CEBCD /* user290905.xcuserdatad */ = {
			isa = PBXGroup;
			children = (
				85A160671150BF4E80BFF04D /* xcschemes */,
			);
			path = user290905.xcuserdatad;
			sourceTree = "<group>";
		};
		17E68B1C3169FDF802C81178 /* xcschemes */ = {
			isa = PBXGroup;
			children = (
				963BCB653306CC878670AC00 /* xcschememanagement.plist */,
			);
			path = xcschemes;
			sourceTree = "<group>";
		};
		17EEE3EC9A7C10312F384CFF /* Main */ = {
			isa = PBXGroup;
			children = (
				8E3C9E30D6040D7BBE4943EE /* MainAppView.swift */,
			);
			path = Main;
			sourceTree = "<group>";
		};
		187FC7D442221BD31C3A48DD /* Sources */ = {
			isa = PBXGroup;
			children = (
				C72FE2B4A11BE9D9FF25F092 /* UIComponents */,
			);
			path = Sources;
			sourceTree = "<group>";
		};
		192FB9AF562A253E4F49A9AF /* SharedCore */ = {
			isa = PBXGroup;
			children = (
				58139EFA91C4F2EEB54E95CC /* .swiftpm */,
				0E6F0F20C9C831D24C835684 /* Sources */,
				5C6C6BC877A6AA9DCC63A65D /* Package.swift */,
			);
			path = SharedCore;
			sourceTree = "<group>";
		};
		19872EF8FEF8328F19BD06FA /* xcode */ = {
			isa = PBXGroup;
			children = (
				82C53E6A8ACE515DCA0E5CF8 /* xcuserdata */,
			);
			path = xcode;
			sourceTree = "<group>";
		};
		20E56BFF9D84083A95758107 /* xcschemes */ = {
			isa = PBXGroup;
			children = (
				76C8B3E24E65445642D45217 /* xcschememanagement.plist */,
			);
			path = xcschemes;
			sourceTree = "<group>";
		};
		2284C39EDB7887173FE54CF1 /* Sources */ = {
			isa = PBXGroup;
			children = (
				671DF84613BC506FAC534C02 /* Networking */,
			);
			path = Sources;
			sourceTree = "<group>";
		};
		2F625392CE712FD24F9633B5 /* App */ = {
			isa = PBXGroup;
			children = (
				7B18FD422674C8263B5F60E9 /* .agosecapp.swift.un~ */,
				DC8D64B689AC51651C72EE2F /* AgosecApp.swift */,
				EB50F27D1DA82B4A72BF1DAE /* agosecapp.swift~ */,
				DBC85B4A0BAC4729C0D36F43 /* AppRouter.swift */,
			);
			path = App;
			sourceTree = "<group>";
		};
		307B667B454FEE3566F623B5 /* xcschemes */ = {
			isa = PBXGroup;
			children = (
				721A03CDCB5DB67064C44C1B /* xcschememanagement.plist */,
			);
			path = xcschemes;
			sourceTree = "<group>";
		};
		3115501EFA5C7B63FEDDF3D6 /* xcschemes */ = {
			isa = PBXGroup;
			children = (
				23FB1FF16ED9F153AA737BBE /* xcschememanagement.plist */,
			);
			path = xcschemes;
			sourceTree = "<group>";
		};
		332661E29BCA1648E10907E4 /* miahall.xcuserdatad */ = {
			isa = PBXGroup;
			children = (
				B6E6DBD5D8CC509D79B6AB3D /* xcschemes */,
			);
			path = miahall.xcuserdatad;
			sourceTree = "<group>";
		};
		398EE1245324283303B1FD24 /* Loading */ = {
			isa = PBXGroup;
			children = (
				9E70B559A56375BC043D7B77 /* LoadingOverlay.swift */,
			);
			path = Loading;
			sourceTree = "<group>";
		};
		39F9843049C32DD03FF8A983 /* Modifiers */ = {
			isa = PBXGroup;
			children = (
				10E2F6E9AB5E62C865325A66 /* BackgroundModifiers.swift */,
				4FF1B413BD9F4AC0D4FAE413 /* LayoutModifiers.swift */,
				FED76F7084A366062131AF0D /* SpacingModifiers.swift */,
				3489A2CD644369E9814B4335 /* TypographyModifiers.swift */,
			);
			path = Modifiers;
			sourceTree = "<group>";
		};
		3BD45337AB8C3BBEA4ABE38A /* OCR */ = {
			isa = PBXGroup;
			children = (
				33FB1296CD47062F748B9546 /* MockOCRService.swift */,
				2D080C49512004B225E4E1D5 /* OCRService.swift */,
			);
			path = OCR;
			sourceTree = "<group>";
		};
		3E4EFDC74149F5B97A14327C /* Buttons */ = {
			isa = PBXGroup;
			children = (
				425E5F9C83D7DDC8B3E1445B /* ActionButton.swift */,
			);
			path = Buttons;
			sourceTree = "<group>";
		};
		4173DACD4EC41B2FAB60D5EA /* xcode */ = {
			isa = PBXGroup;
			children = (
				EC71D1853A067D14473FDBC2 /* xcuserdata */,
			);
			path = xcode;
			sourceTree = "<group>";
		};
		4626484E1D291165F756BAE4 /* Autocomplete */ = {
			isa = PBXGroup;
			children = (
				B0F4142842E84DA500917BA5 /* autocomplete_en_small.txt */,
				5218875CEBC5EA29CBAC9740 /* bigrams_en_small.txt */,
			);
			path = Autocomplete;
			sourceTree = "<group>";
		};
		47CD43D1F06686B8DD9D7F7B /* xcschemes */ = {
			isa = PBXGroup;
			children = (
				CBCD7B7574D4ABABE71C9070 /* xcschememanagement.plist */,
			);
			path = xcschemes;
			sourceTree = "<group>";
		};
		56A553EC5C3E534DEE57D1BA /* Utils */ = {
			isa = PBXGroup;
			children = (
				0A72B98A9C73904EF3853836 /* View+AppLifecycle.swift */,
			);
			path = Utils;
			sourceTree = "<group>";
		};
		58139EFA91C4F2EEB54E95CC /* .swiftpm */ = {
			isa = PBXGroup;
			children = (
				9D92E2FD98C843C05E4C43B5 /* xcode */,
			);
			path = .swiftpm;
			sourceTree = "<group>";
		};
		589131030C866CCB2265EEE1 /* Utils */ = {
			isa = PBXGroup;
			children = (
				9455AA86CD42B9C25A0274E5 /* ErrorMapper.swift */,
				394626E1A51926CC73DBC836 /* Haptics.swift */,
				39D5CED690FD1EBB5181C249 /* UserPresentableError.swift */,
			);
			path = Utils;
			sourceTree = "<group>";
		};
		598A4C512E9904750F00B088 /* .swiftpm */ = {
			isa = PBXGroup;
			children = (
				96E12649CE94A91F0F1E6F17 /* xcode */,
			);
			path = .swiftpm;
			sourceTree = "<group>";
		};
		5AEDA2CDAE4ED59728E3F8F9 /* Models */ = {
			isa = PBXGroup;
			children = (
				F86EE979776A305E345A0D50 /* APIError.swift */,
				C51D39BA82041055988575E3 /* ChatTurn.swift */,
				B37A7322D453F8F967B0EFBE /* EntitlementState.swift */,
				0A70A0B12FD8612059B6984E /* FeatureFlags.swift */,
				CBBF09B25ED99FB3BB3A1F71 /* KeyboardState.swift */,
				7E6AC848F49CC73C3C497EE8 /* OCRError.swift */,
			);
			path = Models;
			sourceTree = "<group>";
		};
		5AEDFB8EC54966E22A094CCC /* xcschemes */ = {
			isa = PBXGroup;
			children = (
				ADE08D66AA046CD22CB9F18F /* xcschememanagement.plist */,
			);
			path = xcschemes;
			sourceTree = "<group>";
		};
		5CB5212DF1DB2CBD7EC53EB4 /* OCR */ = {
			isa = PBXGroup;
			children = (
				02EF3ACB440F9BE51CDFFE24 /* .swiftpm */,
				E59398C98ECB2CD814F846AE /* Sources */,
				20EAFAD5E446F6F8804CD899 /* Package.swift */,
			);
			path = OCR;
			sourceTree = "<group>";
		};
		5D330A1671CD4D66D3ED81DE /* Background */ = {
			isa = PBXGroup;
			children = (
				78449FACFD81472D916591BE /* GlassmorphicBackground.swift */,
			);
			path = Background;
			sourceTree = "<group>";
		};
		671DF84613BC506FAC534C02 /* Networking */ = {
			isa = PBXGroup;
			children = (
				7D06274BDAD00F01ED188AA5 /* APIClient.swift */,
				4C26271F589E16380595488F /* AuthAPI.swift */,
				8A5F2ECCE82BC728FC269D98 /* ChatAPI.swift */,
				FA2A9772015B2C0D8CEC67A1 /* EntitlementAPI.swift */,
				6B359B48AAD67DF96F0C966C /* MockServices.swift */,
				5BB66781736C1D8A0B25F181 /* ServiceFactory.swift */,
				DBEC355449ECEBB96F746D26 /* ServiceFactoryError.swift */,
			);
			path = Networking;
			sourceTree = "<group>";
		};
		71CAA0ECB7BFBA34A4578D82 /* Keyboard */ = {
			isa = PBXGroup;
			children = (
				B30F5580A89950C1FFDFEE5C /* AgentMode */,
				AA37BB4D0DD848C86A8F4226 /* Services */,
				C1CA87C0B78013DFDA1FD99D /* Suggestions */,
				847656DC6695DE13817BAE0E /* TypingMode */,
				E73D6A558ACB1B9C3A7CED7C /* FullAccessRequiredView.swift */,
				25DB29F91A188FA34E3C670B /* KeyboardApp+Agosec.swift */,
				5F1D6DE4951BAFEFBDA5F990 /* KeyboardHeightCoordinator.swift */,
				A4CCF91574F43C111200C91E /* KeyboardHeightManager.swift */,
				9CAD0027DF78D08574C26EE5 /* KeyboardNotifications.swift */,
				650E9FC7A6A71A5255824425 /* KeyboardViewController.swift */,
				6EBC6137A6DF29B24F67425C /* LockedView.swift */,
			);
			path = Keyboard;
			sourceTree = "<group>";
		};
		7766682221F722373BCE3DCC /* Responsive */ = {
			isa = PBXGroup;
			children = (
				862AB9D5A06E046C2AD587E2 /* ResponsiveSystem.swift */,
			);
			path = Responsive;
			sourceTree = "<group>";
		};
		795215C4EEAE8D008E73DC36 /* Paywall */ = {
			isa = PBXGroup;
			children = (
				027823B5502E8180BE10005E /* PaywallComponents.swift */,
				9EB7D06C4DB5E16B7ACAD33F /* PaywallView.swift */,
				1CA2D3DAA96E5A5CA5A77385 /* StoreKitManager.swift */,
			);
			path = Paywall;
			sourceTree = "<group>";
		};
		7A871BB869CF26E24D4548E6 /* Networking */ = {
			isa = PBXGroup;
			children = (
				AA1B7B91B5D3DB9971814F73 /* .swiftpm */,
				2284C39EDB7887173FE54CF1 /* Sources */,
				13C60E46F6DEBA39C3AF873D /* Package.swift */,
			);
			path = Networking;
			sourceTree = "<group>";
		};
		82C53E6A8ACE515DCA0E5CF8 /* xcuserdata */ = {
			isa = PBXGroup;
			children = (
				F142C2A193412020C579D31E /* miahall.xcuserdatad */,
				D666220D06E57FF39B554AC9 /* sammykao.xcuserdatad */,
				9B60E5119A9E8CDCAC232562 /* user290905.xcuserdatad */,
			);
			path = xcuserdata;
			sourceTree = "<group>";
		};
		83FE6D47FFCBD0E528085584 /* Config */ = {
			isa = PBXGroup;
			children = (
				7B19ED644CA9E86A14656958 /* AccessCopy.swift */,
				808523D5DB40E3879AD94E22 /* AppGroupKeys.swift */,
				28C4AFEFE3B95617A1048344 /* BuildMode.swift */,
				CB465061E2DDC07FD386BBF2 /* Config.swift */,
			);
			path = Config;
			sourceTree = "<group>";
		};
		841D0F71573C998C36E39A45 /* AgosecApp */ = {
			isa = PBXGroup;
			children = (
				2F625392CE712FD24F9633B5 /* App */,
				BD108A8DED2D2FACE90505E4 /* Features */,
				E88AA8FCD260B467CA6D8DB6 /* Resources */,
				B53C27F800185ADFF06390F8 /* Services */,
				56A553EC5C3E534DEE57D1BA /* Utils */,
				60FF0CC9582B37B5811FB19B /* AgosecApp.entitlements */,
				E3FA90E6E8A311B6E881EB4B /* Info.plist */,
			);
			path = AgosecApp;
			sourceTree = "<group>";
		};
		844D5927E9B36D6D3936D89E /* Onboarding */ = {
			isa = PBXGroup;
			children = (
				1234A055BE0DADC384F8C8A1 /* OnboardingStepScaffold.swift */,
				92F19468DFDB89C4C2C66E39 /* OnboardingStepTemplate.swift */,
			);
			path = Onboarding;
			sourceTree = "<group>";
		};
		847656DC6695DE13817BAE0E /* TypingMode */ = {
			isa = PBXGroup;
			children = (
				BCD71007394E49A30862F8D0 /* KeyboardKitTypingView.swift */,
			);
			path = TypingMode;
			sourceTree = "<group>";
		};
		85A160671150BF4E80BFF04D /* xcschemes */ = {
			isa = PBXGroup;
			children = (
				6DA6599380AFD5276ACA0229 /* xcschememanagement.plist */,
			);
			path = xcschemes;
			sourceTree = "<group>";
		};
		8DA7581590E612F5FD0E2E18 /* AgosecKeyboardExtension */ = {
			isa = PBXGroup;
			children = (
				71CAA0ECB7BFBA34A4578D82 /* Keyboard */,
				BEFE67CC23CD12942AAEB6EA /* Resources */,
				AAFFD2ABBB69F205838DD583 /* AgosecKeyboardExtension.entitlements */,
				8891D0DAC1911294B740A3D1 /* Info.plist */,
			);
			path = AgosecKeyboardExtension;
			sourceTree = "<group>";
		};
		8F18511A255516C554092987 /* miahall.xcuserdatad */ = {
			isa = PBXGroup;
			children = (
				47CD43D1F06686B8DD9D7F7B /* xcschemes */,
			);
			path = miahall.xcuserdatad;
			sourceTree = "<group>";
		};
		8FBB972772E5708368B54112 /* xcschemes */ = {
			isa = PBXGroup;
			children = (
				24900B707CE178846E3BDCF1 /* xcschememanagement.plist */,
			);
			path = xcschemes;
			sourceTree = "<group>";
		};
		96E12649CE94A91F0F1E6F17 /* xcode */ = {
			isa = PBXGroup;
			children = (
				CBE93BD0BAADDA9A78423784 /* xcuserdata */,
			);
			path = xcode;
			sourceTree = "<group>";
		};
		9AF1D562E33209698C17E9CC /* sammykao.xcuserdatad */ = {
			isa = PBXGroup;
			children = (
				AFADBA9D5D8393B659AD3A8D /* xcschemes */,
			);
			path = sammykao.xcuserdatad;
			sourceTree = "<group>";
		};
		9B60E5119A9E8CDCAC232562 /* user290905.xcuserdatad */ = {
			isa = PBXGroup;
			children = (
				3115501EFA5C7B63FEDDF3D6 /* xcschemes */,
			);
			path = user290905.xcuserdatad;
			sourceTree = "<group>";
		};
		9D92E2FD98C843C05E4C43B5 /* xcode */ = {
			isa = PBXGroup;
			children = (
				EA143E0B87413FE57B8A5A23 /* xcuserdata */,
			);
			path = xcode;
			sourceTree = "<group>";
		};
		9DAA00A716423D38A8D220B1 /* Entitlements */ = {
			isa = PBXGroup;
			children = (
				BA642BE0FC3899F1AD8BBA69 /* EntitlementEvaluator.swift */,
			);
			path = Entitlements;
			sourceTree = "<group>";
		};
		9EFEB154E67789D92B029145 /* sammykao.xcuserdatad */ = {
			isa = PBXGroup;
			children = (
				C13757BE8029082B7D059DCC /* xcschemes */,
			);
			path = sammykao.xcuserdatad;
			sourceTree = "<group>";
		};
		A247ABB724FCE52957830A77 /* Settings */ = {
			isa = PBXGroup;
			children = (
				5DB492545AD9EC3CFF5FF94B /* SettingsBackground.swift */,
				7E6C7961845C9D2672A23589 /* SettingsComponents.swift */,
				01049F9ED715554DB98576F6 /* SettingsDetailViews.swift */,
				EED5DC25EEC7657424461B7D /* SettingsView.swift */,
			);
			path = Settings;
			sourceTree = "<group>";
		};
		AA1B7B91B5D3DB9971814F73 /* .swiftpm */ = {
			isa = PBXGroup;
			children = (
				19872EF8FEF8328F19BD06FA /* xcode */,
			);
			path = .swiftpm;
			sourceTree = "<group>";
		};
		AA37BB4D0DD848C86A8F4226 /* Services */ = {
			isa = PBXGroup;
			children = (
				B9F56E3B9D9678923B9A526C /* ClipboardService.swift */,
				29A7392329AF1AE19C86B4B8 /* KeyboardEntitlementCoordinator.swift */,
				7FDBF7CC4582788C2161794E /* StoreKitEntitlementChecker.swift */,
			);
			path = Services;
			sourceTree = "<group>";
		};
		AB7607FF27755B45307944ED /* Persistence */ = {
			isa = PBXGroup;
			children = (
				3B4CE7F3A0DCF0475B98017A /* AppGroupStorage.swift */,
			);
			path = Persistence;
			sourceTree = "<group>";
		};
		AF2CA677B6F17A0D1CA8248D /* Onboarding */ = {
			isa = PBXGroup;
			children = (
				D5F2822A2F542DF47DB7CD13 /* Steps */,
				C556C5FC97E31392448D5EA1 /* OnboardingCoordinator.swift */,
			);
			path = Onboarding;
			sourceTree = "<group>";
		};
		AFADBA9D5D8393B659AD3A8D /* xcschemes */ = {
			isa = PBXGroup;
			children = (
				4971D442AE9FDAE7C67B8A54 /* xcschememanagement.plist */,
			);
			path = xcschemes;
			sourceTree = "<group>";
		};
		B30F5580A89950C1FFDFEE5C /* AgentMode */ = {
			isa = PBXGroup;
			children = (
				3A7E3F067D48D4BAD609257E /* AgentChatComponents.swift */,
				70CFAB9CEB39EBD1C205E470 /* AgentChatManager.swift */,
				3C0680F8947778C197FEA221 /* AgentChatModels.swift */,
				84CC9BE6B5FCE0C3F3AC4293 /* AgentChatView.swift */,
				DD8CC24AA7EA9462589169F7 /* AgentChatView+Layout.swift */,
				0B50DA42B257DFCD3528C2DE /* AgentIntroComponents.swift */,
				C6D29F089FEB0DBC9F3DB0E0 /* AgentIntroOverlays.swift */,
				370422D27A7B2572EEE77040 /* AgentIntroView.swift */,
				0CBB4005A3D49462F0290F46 /* AgentKeyboardView.swift */,
				BC094C79B68D148EC9F46D3D /* AgentPhotoPicker.swift */,
				F48C751895709A05785FA1C2 /* ChatAPIProvider.swift */,
				3BB263A70556B0509B13D4E7 /* ChatKeyboardKitView.swift */,
				4E56E1793F9347F73634BE9E /* EmptyChatStateView.swift */,
				BC160C374313E84614CA78F8 /* LogoLoader.swift */,
			);
			path = AgentMode;
			sourceTree = "<group>";
		};
		B53C27F800185ADFF06390F8 /* Services */ = {
			isa = PBXGroup;
			children = (
				23176F82F88190C1AAD3917C /* DeepLinkService.swift */,
				26D62785F217E799EA0F3094 /* EntitlementService.swift */,
				819C7F546A48C5B88AEDAE59 /* PermissionsService.swift */,
			);
			path = Services;
			sourceTree = "<group>";
		};
		B61A6F8341B9E4D6EDA528D6 /* Splash */ = {
			isa = PBXGroup;
			children = (
				F21935E90B8819D2F70143A5 /* SplashScreenView.swift */,
			);
			path = Splash;
			sourceTree = "<group>";
		};
		B685DFA559711B34D0E12F22 /* Debug */ = {
			isa = PBXGroup;
			children = (
				6D06C0FC217B4B27B0397C95 /* DebugStatusView.swift */,
				2CF828356E976E4B782031FB /* LogViewer.swift */,
			);
			path = Debug;
			sourceTree = "<group>";
		};
		B6E6DBD5D8CC509D79B6AB3D /* xcschemes */ = {
			isa = PBXGroup;
			children = (
				1EB66CCBA4581A1C2FCCEBBC /* xcschememanagement.plist */,
			);
			path = xcschemes;
			sourceTree = "<group>";
		};
		BD108A8DED2D2FACE90505E4 /* Features */ = {
			isa = PBXGroup;
			children = (
				B685DFA559711B34D0E12F22 /* Debug */,
				17EEE3EC9A7C10312F384CFF /* Main */,
				AF2CA677B6F17A0D1CA8248D /* Onboarding */,
				795215C4EEAE8D008E73DC36 /* Paywall */,
				A247ABB724FCE52957830A77 /* Settings */,
			);
			path = Features;
			sourceTree = "<group>";
		};
		BEFE67CC23CD12942AAEB6EA /* Resources */ = {
			isa = PBXGroup;
			children = (
				4626484E1D291165F756BAE4 /* Autocomplete */,
				8674B69F3AE4195E2CD65273 /* Assets.xcassets */,
			);
			path = Resources;
			sourceTree = "<group>";
		};
		C13757BE8029082B7D059DCC /* xcschemes */ = {
			isa = PBXGroup;
			children = (
				0A86B9883861E9D4F5D06742 /* xcschememanagement.plist */,
			);
			path = xcschemes;
			sourceTree = "<group>";
		};
		C1CA87C0B78013DFDA1FD99D /* Suggestions */ = {
			isa = PBXGroup;
			children = (
				4BB402C44A0D756883E87D11 /* SimpleAutocompleteService.swift */,
			);
			path = Suggestions;
			sourceTree = "<group>";
		};
		C39723786AD72B173A70BF4A /* xcschemes */ = {
			isa = PBXGroup;
			children = (
				EE1ED459CAF6F7D563FB8CF3 /* xcschememanagement.plist */,
			);
			path = xcschemes;
			sourceTree = "<group>";
		};
		C72FE2B4A11BE9D9FF25F092 /* UIComponents */ = {
			isa = PBXGroup;
			children = (
				5D330A1671CD4D66D3ED81DE /* Background */,
				3E4EFDC74149F5B97A14327C /* Buttons */,
				398EE1245324283303B1FD24 /* Loading */,
				39F9843049C32DD03FF8A983 /* Modifiers */,
				844D5927E9B36D6D3936D89E /* Onboarding */,
				1080A2FA15EF2E597044FEDE /* PageIndicator */,
				7766682221F722373BCE3DCC /* Responsive */,
				E848A3F9F789DC91602CB33A /* Spacing */,
				B61A6F8341B9E4D6EDA528D6 /* Splash */,
				D6F177AB7CA042CA1E8D8FA4 /* Toast */,
			);
			path = UIComponents;
			sourceTree = "<group>";
		};
		CBE93BD0BAADDA9A78423784 /* xcuserdata */ = {
			isa = PBXGroup;
			children = (
				0185AB67BF3420D19F98EB13 /* miahall.xcuserdatad */,
				9AF1D562E33209698C17E9CC /* sammykao.xcuserdatad */,
				15BC8EE8A6F69ED90B0CEBCD /* user290905.xcuserdatad */,
			);
			path = xcuserdata;
			sourceTree = "<group>";
		};
		D06B98D22D361C875A60A5B7 /* Packages */ = {
			isa = PBXGroup;
			children = (
				7A871BB869CF26E24D4548E6 /* Networking */,
				5CB5212DF1DB2CBD7EC53EB4 /* OCR */,
				192FB9AF562A253E4F49A9AF /* SharedCore */,
				D9E5D5384F86ABE0CDCBA0FA /* UIComponents */,
				06D0779FC3C7B1C7B3C541B7 /* install_swiftlint.sh */,
				2C6BE21AAD33507BB9AB726E /* Networking */,
				93FC215F1D66E33BBAB38768 /* OCR */,
				D3C1A6DFB75AA05523F8477E /* SharedCore */,
				8E6AE9001CA03D73768CC5B6 /* UIComponents */,
			);
			path = Packages;
			sourceTree = "<group>";
		};
		D5F2822A2F542DF47DB7CD13 /* Steps */ = {
			isa = PBXGroup;
			children = (
				973ECDA8ED61604EEFB87538 /* DemoConversationStepView.swift */,
				28AF3FB53C6ACB9CA821C12C /* EnableFullAccessStepView.swift */,
				14B707FCB09D726FA9EA0A07 /* EnableKeyboardStepView.swift */,
				578DA0C01724A0584D22C718 /* PhotosPermissionStepView.swift */,
				BF0E3B48A96B89265B704E9D /* WelcomeStepView.swift */,
				E5EC72036085042F6CDA05FF /* WelcomeStepView+Sections.swift */,
			);
			path = Steps;
			sourceTree = "<group>";
		};
		D666220D06E57FF39B554AC9 /* sammykao.xcuserdatad */ = {
			isa = PBXGroup;
			children = (
				8FBB972772E5708368B54112 /* xcschemes */,
			);
			path = sammykao.xcuserdatad;
			sourceTree = "<group>";
		};
		D6F177AB7CA042CA1E8D8FA4 /* Toast */ = {
			isa = PBXGroup;
			children = (
				A04741E730C8F90DB4F0A159 /* ToastOverlay.swift */,
				5AEE0022FB8596F65D2C0E5E /* ToastView.swift */,
			);
			path = Toast;
			sourceTree = "<group>";
		};
		D9E5D5384F86ABE0CDCBA0FA /* UIComponents */ = {
			isa = PBXGroup;
			children = (
				598A4C512E9904750F00B088 /* .swiftpm */,
				187FC7D442221BD31C3A48DD /* Sources */,
				C23D63E94F6154B26B31D78B /* Package.swift */,
			);
			path = UIComponents;
			sourceTree = "<group>";
		};
		E59398C98ECB2CD814F846AE /* Sources */ = {
			isa = PBXGroup;
			children = (
				3BD45337AB8C3BBEA4ABE38A /* OCR */,
			);
			path = Sources;
			sourceTree = "<group>";
		};
		E848A3F9F789DC91602CB33A /* Spacing */ = {
			isa = PBXGroup;
			children = (
				D64A9BC0F518E0FADD3AE2EE /* SpacingSystem.swift */,
			);
			path = Spacing;
			sourceTree = "<group>";
		};
		E88AA8FCD260B467CA6D8DB6 /* Resources */ = {
			isa = PBXGroup;
			children = (
				74F02A9B23651FC9CF6E037D /* Assets.xcassets */,
			);
			path = Resources;
			sourceTree = "<group>";
		};
		EA143E0B87413FE57B8A5A23 /* xcuserdata */ = {
			isa = PBXGroup;
			children = (
				8F18511A255516C554092987 /* miahall.xcuserdatad */,
				F8190591713C536824BDD4A9 /* sammykao.xcuserdatad */,
				F9BB02A41358250384386676 /* user290905.xcuserdatad */,
			);
			path = xcuserdata;
			sourceTree = "<group>";
		};
		EA39137189A04B4FF07FAD38 /* Frameworks */ = {
			isa = PBXGroup;
			children = (
				4836644FDB1143EAF3953A49 /* PhotosUI.framework */,
				0A04280F899B7AB26AF9408E /* StoreKit.framework */,
				3C11ED16EE4829A833DD9D76 /* Vision.framework */,
			);
			name = Frameworks;
			sourceTree = "<group>";
		};
		EC71D1853A067D14473FDBC2 /* xcuserdata */ = {
			isa = PBXGroup;
			children = (
				332661E29BCA1648E10907E4 /* miahall.xcuserdatad */,
				9EFEB154E67789D92B029145 /* sammykao.xcuserdatad */,
				0E44DCD1B4DE5EA1E84D0464 /* user290905.xcuserdatad */,
			);
			path = xcuserdata;
			sourceTree = "<group>";
		};
		F142C2A193412020C579D31E /* miahall.xcuserdatad */ = {
			isa = PBXGroup;
			children = (
				5AEDFB8EC54966E22A094CCC /* xcschemes */,
			);
			path = miahall.xcuserdatad;
			sourceTree = "<group>";
		};
		F8190591713C536824BDD4A9 /* sammykao.xcuserdatad */ = {
			isa = PBXGroup;
			children = (
				17E68B1C3169FDF802C81178 /* xcschemes */,
			);
			path = sammykao.xcuserdatad;
			sourceTree = "<group>";
		};
		F9BB02A41358250384386676 /* user290905.xcuserdatad */ = {
			isa = PBXGroup;
			children = (
				C39723786AD72B173A70BF4A /* xcschemes */,
			);
			path = user290905.xcuserdatad;
			sourceTree = "<group>";
		};
		FD41717693FFB9DE3981FA94 /* Products */ = {
			isa = PBXGroup;
			children = (
				7EC57E1A6ECDC11D4D927758 /* AgosecApp.app */,
				75CB467E633965711606A355 /* AgosecAppTests.xctest */,
				C04ED5D49B07F41FD02A4C3F /* AgosecKeyboardExtension.appex */,
			);
			name = Products;
			sourceTree = "<group>";
		};
/* End PBXGroup section */

/* Begin PBXNativeTarget section */
		3A70232E9527D4D618B77439 /* AgosecApp */ = {
			isa = PBXNativeTarget;
			buildConfigurationList = 560A1AE3F80B79C37DB24CDB /* Build configuration list for PBXNativeTarget "AgosecApp" */;
			buildPhases = (
				D551D059FFC7A67FD5F785F1 /* Sources */,
				72C22A205D009AFD181A62D0 /* Resources */,
				70E5806B3B18F410793322D6 /* Frameworks */,
				BA18829303B924F86D29E535 /* Embed Foundation Extensions */,
			);
			buildRules = (
			);
			dependencies = (
				1037BC1FD1EAF3CA12EDC6A8 /* PBXTargetDependency */,
			);
			name = AgosecApp;
			packageProductDependencies = (
				9F34A3C15C9412DE4484E5A3 /* SharedCore */,
				D5110BE9DEBAAA9DCF6DBF9A /* Networking */,
				A30109D67123C0BB58408A2D /* OCR */,
				27E92FF186CE5E553BB70DF9 /* UIComponents */,
				047713ADEAAB40F8F754372C /* KeyboardKit */,
			);
			productName = AgosecApp;
			productReference = 7EC57E1A6ECDC11D4D927758 /* AgosecApp.app */;
			productType = "com.apple.product-type.application";
		};
		494F1080882E39B2D8727B54 /* AgosecKeyboardExtension */ = {
			isa = PBXNativeTarget;
			buildConfigurationList = 0BA707034ECC5C71056EC1AA /* Build configuration list for PBXNativeTarget "AgosecKeyboardExtension" */;
			buildPhases = (
				1B4879F903AF4394289C32E0 /* Sources */,
				F8B45790733A787BDC964900 /* Resources */,
				2C82C86F01D1966319D6D7D3 /* Frameworks */,
				24EB6EFB60B5968B99B03493 /* Embed Keyboard Frameworks */,
			);
			buildRules = (
			);
			dependencies = (
			);
			name = AgosecKeyboardExtension;
			packageProductDependencies = (
				41CF4835FCDA549E11923672 /* SharedCore */,
				777C691861F5C30094126662 /* Networking */,
				8C616874A0D483F3F724656A /* OCR */,
				AF861022745E8E3F3129D1A9 /* UIComponents */,
				162A6C2C0E9270232EEC4B5D /* KeyboardKit */,
				9C4108CD2459B872A23CBA24 /* SymSpellSwift */,
				52D9C54881EDE7E8D62F1A7D /* LicenseKit */,
			);
			productName = AgosecKeyboardExtension;
			productReference = C04ED5D49B07F41FD02A4C3F /* AgosecKeyboardExtension.appex */;
			productType = "com.apple.product-type.app-extension";
		};
		D28BA209549A3307371BF0E1 /* AgosecAppTests */ = {
			isa = PBXNativeTarget;
			buildConfigurationList = 5AF2705765EE616EE4AFDBFD /* Build configuration list for PBXNativeTarget "AgosecAppTests" */;
			buildPhases = (
				48CB8E8C40B7F675339E7421 /* Sources */,
			);
			buildRules = (
			);
			dependencies = (
				8BD167809D1D74F7D1B4E44E /* PBXTargetDependency */,
			);
			name = AgosecAppTests;
			packageProductDependencies = (
			);
			productName = AgosecAppTests;
			productReference = 75CB467E633965711606A355 /* AgosecAppTests.xctest */;
			productType = "com.apple.product-type.bundle.unit-test";
		};
/* End PBXNativeTarget section */

/* Begin PBXProject section */
		F5F71E15A87BE87F33E36436 /* Project object */ = {
			isa = PBXProject;
			attributes = {
				BuildIndependentTargetsInParallel = YES;
				LastUpgradeCheck = 1430;
				TargetAttributes = {
					3A70232E9527D4D618B77439 = {
						DevelopmentTeam = V9CU7HF844;
						ProvisioningStyle = Automatic;
					};
					494F1080882E39B2D8727B54 = {
						DevelopmentTeam = V9CU7HF844;
						ProvisioningStyle = Automatic;
					};
				};
			};
			buildConfigurationList = 5BFABD9D438762F17251A0C2 /* Build configuration list for PBXProject "AgosecKeyboard" */;
			compatibilityVersion = "Xcode 14.0";
			developmentRegion = en;
			hasScannedForEncodings = 0;
			knownRegions = (
				en,
			);
			mainGroup = 1256CF361FA3C8AB05532BA0;
			minimizedProjectReferenceProxies = 1;
			packageReferences = (
				3BDEE7FD670BC0ED0F8EF3D1 /* XCRemoteSwiftPackageReference "KeyboardKit" */,
				6F82CC68EBE38FD2D2A2CEF9 /* XCRemoteSwiftPackageReference "LicenseKit" */,
				8A03C069C7935FDE8029B433 /* XCRemoteSwiftPackageReference "SymSpellSwift" */,
				5328905F9A1FBB6ABBF2A84C /* XCLocalSwiftPackageReference "Packages/Networking" */,
				D6271B42C84CBD299B77C426 /* XCLocalSwiftPackageReference "Packages/OCR" */,
				AC4772AC2680165BE10089F5 /* XCLocalSwiftPackageReference "Packages/SharedCore" */,
				B33E446CC51C568B6F0AA0F5 /* XCLocalSwiftPackageReference "Packages/UIComponents" */,
			);
			preferredProjectObjectVersion = 77;
			projectDirPath = "";
			projectRoot = "";
			targets = (
				3A70232E9527D4D618B77439 /* AgosecApp */,
				D28BA209549A3307371BF0E1 /* AgosecAppTests */,
				494F1080882E39B2D8727B54 /* AgosecKeyboardExtension */,
			);
		};
/* End PBXProject section */

/* Begin PBXResourcesBuildPhase section */
		72C22A205D009AFD181A62D0 /* Resources */ = {
			isa = PBXResourcesBuildPhase;
			buildActionMask = 2147483647;
			files = (
				EB42895D14EEA78D17781CDB /* .agosecapp.swift.un~ in Resources */,
				213710D1A51215815C51369A /* Assets.xcassets in Resources */,
				24F0E65BD3C4A709992E3687 /* agosecapp.swift~ in Resources */,
			);
			runOnlyForDeploymentPostprocessing = 0;
		};
		F8B45790733A787BDC964900 /* Resources */ = {
			isa = PBXResourcesBuildPhase;
			buildActionMask = 2147483647;
			files = (
				2A55F475BEBF8004EEF82FEA /* Assets.xcassets in Resources */,
				1DB290B1D9EC49C6EAE2E65C /* autocomplete_en_small.txt in Resources */,
				0B062FD20CE6F399AE0D7B1D /* bigrams_en_small.txt in Resources */,
			);
			runOnlyForDeploymentPostprocessing = 0;
		};
/* End PBXResourcesBuildPhase section */

/* Begin PBXShellScriptBuildPhase section */
		24EB6EFB60B5968B99B03493 /* Embed Keyboard Frameworks */ = {
			isa = PBXShellScriptBuildPhase;
			buildActionMask = 2147483647;
			files = (
			);
			inputFileListPaths = (
			);
			inputPaths = (
			);
			name = "Embed Keyboard Frameworks";
			outputFileListPaths = (
			);
			outputPaths = (
			);
			runOnlyForDeploymentPostprocessing = 0;
			shellPath = /bin/sh;
			shellScript = "set -euo pipefail\n\nframeworks_dir=\"${TARGET_BUILD_DIR}/${FRAMEWORKS_FOLDER_PATH}\"\nmkdir -p \"$frameworks_dir\"\n\nfor framework in KeyboardKit LicenseKit; do\n  source_framework=\"${BUILT_PRODUCTS_DIR}/${framework}.framework\"\n  if [ ! -d \"$source_framework\" ]; then\n    echo \"error: Expected framework not found: $source_framework\"\n    exit 1\n  fi\n\n  rm -rf \"${frameworks_dir}/${framework}.framework\"\n  ditto \"$source_framework\" \"${frameworks_dir}/${framework}.framework\"\ndone\n";
		};
/* End PBXShellScriptBuildPhase section */

/* Begin PBXSourcesBuildPhase section */
		1B4879F903AF4394289C32E0 /* Sources */ = {
			isa = PBXSourcesBuildPhase;
			buildActionMask = 2147483647;
			files = (
				4EBDED7001417087728D2205 /* AgentChatComponents.swift in Sources */,
				9084AAD7E389BA320FD66EF9 /* AgentChatManager.swift in Sources */,
				B7DA5D655EDF6D2A1F100450 /* AgentChatModels.swift in Sources */,
				4F01E425801EBAC2608AE78F /* AgentChatView+Layout.swift in Sources */,
				4E3E854E6DCB4BFEA3627C5C /* AgentChatView.swift in Sources */,
				53B8EEC11FFC06E91BD3D420 /* AgentIntroComponents.swift in Sources */,
				0CF1272980A9F5EF6593DA16 /* AgentIntroOverlays.swift in Sources */,
				FCBE9A29DB237CD4B92A504F /* AgentIntroView.swift in Sources */,
				E083FD6177C2ACDDE75D5956 /* AgentKeyboardView.swift in Sources */,
				8A229E8E4A97E7560771C076 /* AgentPhotoPicker.swift in Sources */,
				D2FD498A7FBAD286584A52A3 /* ChatAPIProvider.swift in Sources */,
				2E069A401CB03AA6E9B1D527 /* ChatKeyboardKitView.swift in Sources */,
				BA0F951B8FABF135ACDB0F50 /* ClipboardService.swift in Sources */,
				FF9094ADA1B226A114FBE198 /* EmptyChatStateView.swift in Sources */,
				43C455A55C4839188F652614 /* FullAccessRequiredView.swift in Sources */,
				947C77C6D286E43C53E6D24D /* KeyboardApp+Agosec.swift in Sources */,
				6294AC347E9D53FBACA1BBE4 /* KeyboardEntitlementCoordinator.swift in Sources */,
				373C6391056616963804A5F2 /* KeyboardHeightCoordinator.swift in Sources */,
				FCF0FA98A0D76754524C1550 /* KeyboardHeightManager.swift in Sources */,
				B75B6DAA2D6862469CF8C9A5 /* KeyboardKitTypingView.swift in Sources */,
				2CF620BE0BAF3B18BAF08ADC /* KeyboardNotifications.swift in Sources */,
				8CA125ECB6CFFAB86DEAE37E /* KeyboardViewController.swift in Sources */,
				7EAB26103003A4B9EE2A001C /* LockedView.swift in Sources */,
				E9266524864EB977971E8051 /* LogoLoader.swift in Sources */,
				7FBA672F6BD715E4187D23C4 /* SimpleAutocompleteService.swift in Sources */,
				E5C05A7C60FC3C83F6F50BD2 /* StoreKitEntitlementChecker.swift in Sources */,
			);
			runOnlyForDeploymentPostprocessing = 0;
		};
		48CB8E8C40B7F675339E7421 /* Sources */ = {
			isa = PBXSourcesBuildPhase;
			buildActionMask = 2147483647;
			files = (
				666E63D4DA1A4B2E3E68CB1E /* AgosecAppTests.swift in Sources */,
			);
			runOnlyForDeploymentPostprocessing = 0;
		};
		D551D059FFC7A67FD5F785F1 /* Sources */ = {
			isa = PBXSourcesBuildPhase;
			buildActionMask = 2147483647;
			files = (
				CD8F68F23EF0DE109287E560 /* AgosecApp.swift in Sources */,
				2234092A0B8CBF8D1A1F408B /* AppRouter.swift in Sources */,
				B66EA0548371D0DC46272D8E /* DebugStatusView.swift in Sources */,
				32267817F6177FDF3FDEB660 /* DeepLinkService.swift in Sources */,
				77B07AB602A3EF5286E81791 /* DemoConversationStepView.swift in Sources */,
				66311697E293C1799225F198 /* EnableFullAccessStepView.swift in Sources */,
				C019A63BAC885B55D5CC6897 /* EnableKeyboardStepView.swift in Sources */,
				69E3E51FBE350DEE0C76EB11 /* EntitlementService.swift in Sources */,
				1776FEC9C2E53002ABE87487 /* LogViewer.swift in Sources */,
				022725235ABB20088D813D5D /* MainAppView.swift in Sources */,
				DE6F5AEE00CC0E24B93E2810 /* OnboardingCoordinator.swift in Sources */,
				374FB8ACEC1BD1101326E518 /* PaywallComponents.swift in Sources */,
				11D8942B3755A57E7EE54E5B /* PaywallView.swift in Sources */,
				8838BC9BB8FE1B7CE1FC6293 /* PermissionsService.swift in Sources */,
				2973F0BCC89F82364979A4DF /* PhotosPermissionStepView.swift in Sources */,
				27106A4A8839CB21F16D2B49 /* SettingsBackground.swift in Sources */,
				078A3531643082D0E7853271 /* SettingsComponents.swift in Sources */,
				3CDAA745267BE0E62E135158 /* SettingsDetailViews.swift in Sources */,
				8D08D8E97B41F5826E3D042E /* SettingsView.swift in Sources */,
				27CB8A3ADD094EE5BB8523EE /* StoreKitManager.swift in Sources */,
				F7E02359F6A6A0A7C0E3D280 /* View+AppLifecycle.swift in Sources */,
				513D50DDFF72F1FA3F647DC6 /* WelcomeStepView+Sections.swift in Sources */,
				02E53328CA7FA0D2264093B1 /* WelcomeStepView.swift in Sources */,
			);
			runOnlyForDeploymentPostprocessing = 0;
		};
/* End PBXSourcesBuildPhase section */

/* Begin PBXTargetDependency section */
		1037BC1FD1EAF3CA12EDC6A8 /* PBXTargetDependency */ = {
			isa = PBXTargetDependency;
			target = 494F1080882E39B2D8727B54 /* AgosecKeyboardExtension */;
			targetProxy = DA1BBB66F223F87C79F0A1C2 /* PBXContainerItemProxy */;
		};
		8BD167809D1D74F7D1B4E44E /* PBXTargetDependency */ = {
			isa = PBXTargetDependency;
			target = 3A70232E9527D4D618B77439 /* AgosecApp */;
			targetProxy = 9802B13A769E9F53B836E4C1 /* PBXContainerItemProxy */;
		};
/* End PBXTargetDependency section */

/* Begin XCBuildConfiguration section */
		071A5A0954FD89B9A2F8CE01 /* Debug */ = {
			isa = XCBuildConfiguration;
			buildSettings = {
				ASSETCATALOG_COMPILER_APPICON_NAME = AppIcon;
				ASSETCATALOG_COMPILER_GENERATE_SWIFT_ASSET_SYMBOL_EXTENSIONS = YES;
				ASSETCATALOG_COMPILER_INCLUDE_ALL_APPICON_ASSETS = YES;
				CODE_SIGN_ENTITLEMENTS = AgosecApp/AgosecApp.entitlements;
				CODE_SIGN_IDENTITY = "iPhone Developer";
				CODE_SIGN_STYLE = Automatic;
				DEVELOPMENT_TEAM = V9CU7HF844;
				INFOPLIST_FILE = AgosecApp/Info.plist;
				IPHONEOS_DEPLOYMENT_TARGET = 16.0;
				LD_RUNPATH_SEARCH_PATHS = (
					"$(inherited)",
					"@executable_path/Frameworks",
					"@loader_path/Frameworks",
				);
				PRODUCT_BUNDLE_IDENTIFIER = io.agosec.keyboard.app;
				PRODUCT_NAME = AgosecApp;
				SDKROOT = iphoneos;
				SWIFT_VERSION = 5.9;
				TARGETED_DEVICE_FAMILY = "1,2";
			};
			name = Debug;
		};
		09D7DD17983A14B468AE1DDB /* Release */ = {
			isa = XCBuildConfiguration;
			buildSettings = {
				BUNDLE_LOADER = "$(TEST_HOST)";
				LD_RUNPATH_SEARCH_PATHS = (
					"$(inherited)",
					"@executable_path/Frameworks",
					"@loader_path/Frameworks",
				);
				PRODUCT_BUNDLE_IDENTIFIER = io.agosec.AgosecAppTests;
				SDKROOT = iphoneos;
				SWIFT_VERSION = 5.9;
				TARGETED_DEVICE_FAMILY = "1,2";
				TEST_HOST = "$(BUILT_PRODUCTS_DIR)/AgosecApp.app/AgosecApp";
			};
			name = Release;
		};
		6E1CC0CB5F649C76138B7E6D /* Debug */ = {
			isa = XCBuildConfiguration;
			buildSettings = {
				ASSETCATALOG_COMPILER_GENERATE_SWIFT_ASSET_SYMBOL_EXTENSIONS = YES;
				CODE_SIGN_ENTITLEMENTS = AgosecKeyboardExtension/AgosecKeyboardExtension.entitlements;
				CODE_SIGN_STYLE = Automatic;
				DEVELOPMENT_TEAM = V9CU7HF844;
				INFOPLIST_FILE = AgosecKeyboardExtension/Info.plist;
				IPHONEOS_DEPLOYMENT_TARGET = 16.0;
				LD_RUNPATH_SEARCH_PATHS = (
					"$(inherited)",
					"@executable_path/Frameworks",
					"@loader_path/Frameworks",
				);
				PRODUCT_BUNDLE_IDENTIFIER = io.agosec.keyboard.app.extension;
				PRODUCT_NAME = AgosecKeyboardExtension;
				SDKROOT = iphoneos;
				SWIFT_VERSION = 5.9;
				TARGETED_DEVICE_FAMILY = "1,2";
			};
			name = Debug;
		};
		74EA0AD18331EFDEBBB140FA /* Release */ = {
			isa = XCBuildConfiguration;
			buildSettings = {
				ASSETCATALOG_COMPILER_GENERATE_SWIFT_ASSET_SYMBOL_EXTENSIONS = YES;
				CODE_SIGN_ENTITLEMENTS = AgosecKeyboardExtension/AgosecKeyboardExtension.entitlements;
				CODE_SIGN_STYLE = Automatic;
				DEVELOPMENT_TEAM = V9CU7HF844;
				INFOPLIST_FILE = AgosecKeyboardExtension/Info.plist;
				IPHONEOS_DEPLOYMENT_TARGET = 16.0;
				LD_RUNPATH_SEARCH_PATHS = (
					"$(inherited)",
					"@executable_path/Frameworks",
					"@loader_path/Frameworks",
				);
				PRODUCT_BUNDLE_IDENTIFIER = io.agosec.keyboard.app.extension;
				PRODUCT_NAME = AgosecKeyboardExtension;
				SDKROOT = iphoneos;
				SWIFT_VERSION = 5.9;
				TARGETED_DEVICE_FAMILY = "1,2";
			};
			name = Release;
		};
		78A451FC0222E0312B7856C1 /* Release */ = {
			isa = XCBuildConfiguration;
			buildSettings = {
				ASSETCATALOG_COMPILER_APPICON_NAME = AppIcon;
				ASSETCATALOG_COMPILER_GENERATE_SWIFT_ASSET_SYMBOL_EXTENSIONS = YES;
				ASSETCATALOG_COMPILER_INCLUDE_ALL_APPICON_ASSETS = YES;
				CODE_SIGN_ENTITLEMENTS = AgosecApp/AgosecApp.entitlements;
				CODE_SIGN_IDENTITY = "iPhone Developer";
				CODE_SIGN_STYLE = Automatic;
				DEVELOPMENT_TEAM = V9CU7HF844;
				INFOPLIST_FILE = AgosecApp/Info.plist;
				IPHONEOS_DEPLOYMENT_TARGET = 16.0;
				LD_RUNPATH_SEARCH_PATHS = (
					"$(inherited)",
					"@executable_path/Frameworks",
					"@loader_path/Frameworks",
				);
				PRODUCT_BUNDLE_IDENTIFIER = io.agosec.keyboard.app;
				PRODUCT_NAME = AgosecApp;
				SDKROOT = iphoneos;
				SWIFT_VERSION = 5.9;
				TARGETED_DEVICE_FAMILY = "1,2";
			};
			name = Release;
		};
		8E038F31AC8B20E43AEB46DC /* Debug */ = {
			isa = XCBuildConfiguration;
			buildSettings = {
				BUNDLE_LOADER = "$(TEST_HOST)";
				LD_RUNPATH_SEARCH_PATHS = (
					"$(inherited)",
					"@executable_path/Frameworks",
					"@loader_path/Frameworks",
				);
				PRODUCT_BUNDLE_IDENTIFIER = io.agosec.AgosecAppTests;
				SDKROOT = iphoneos;
				SWIFT_VERSION = 5.9;
				TARGETED_DEVICE_FAMILY = "1,2";
				TEST_HOST = "$(BUILT_PRODUCTS_DIR)/AgosecApp.app/AgosecApp";
			};
			name = Debug;
		};
		A9DE4E1503B22E9628B6BF8B /* Release */ = {
			isa = XCBuildConfiguration;
			buildSettings = {
				ALWAYS_SEARCH_USER_PATHS = NO;
				CLANG_ANALYZER_NONNULL = YES;
				CLANG_ANALYZER_NUMBER_OBJECT_CONVERSION = YES_AGGRESSIVE;
				CLANG_CXX_LANGUAGE_STANDARD = "gnu++14";
				CLANG_CXX_LIBRARY = "libc++";
				CLANG_ENABLE_MODULES = YES;
				CLANG_ENABLE_OBJC_ARC = YES;
				CLANG_ENABLE_OBJC_WEAK = YES;
				CLANG_WARN_BLOCK_CAPTURE_AUTORELEASING = YES;
				CLANG_WARN_BOOL_CONVERSION = YES;
				CLANG_WARN_COMMA = YES;
				CLANG_WARN_CONSTANT_CONVERSION = YES;
				CLANG_WARN_DEPRECATED_OBJC_IMPLEMENTATIONS = YES;
				CLANG_WARN_DIRECT_OBJC_ISA_USAGE = YES_ERROR;
				CLANG_WARN_DOCUMENTATION_COMMENTS = YES;
				CLANG_WARN_EMPTY_BODY = YES;
				CLANG_WARN_ENUM_CONVERSION = YES;
				CLANG_WARN_INFINITE_RECURSION = YES;
				CLANG_WARN_INT_CONVERSION = YES;
				CLANG_WARN_NON_LITERAL_NULL_CONVERSION = YES;
				CLANG_WARN_OBJC_IMPLICIT_RETAIN_SELF = YES;
				CLANG_WARN_OBJC_LITERAL_CONVERSION = YES;
				CLANG_WARN_OBJC_ROOT_CLASS = YES_ERROR;
				CLANG_WARN_QUOTED_INCLUDE_IN_FRAMEWORK_HEADER = YES;
				CLANG_WARN_RANGE_LOOP_ANALYSIS = YES;
				CLANG_WARN_STRICT_PROTOTYPES = YES;
				CLANG_WARN_SUSPICIOUS_MOVE = YES;
				CLANG_WARN_UNGUARDED_AVAILABILITY = YES_AGGRESSIVE;
				CLANG_WARN_UNREACHABLE_CODE = YES;
				CLANG_WARN__DUPLICATE_METHOD_MATCH = YES;
				COPY_PHASE_STRIP = NO;
				DEBUG_INFORMATION_FORMAT = "dwarf-with-dsym";
				ENABLE_NS_ASSERTIONS = NO;
				ENABLE_STRICT_OBJC_MSGSEND = YES;
				"EXCLUDED_ARCHS[sdk=iphonesimulator*]" = x86_64;
				GCC_C_LANGUAGE_STANDARD = gnu11;
				GCC_NO_COMMON_BLOCKS = YES;
				GCC_WARN_64_TO_32_BIT_CONVERSION = YES;
				GCC_WARN_ABOUT_RETURN_TYPE = YES_ERROR;
				GCC_WARN_UNDECLARED_SELECTOR = YES;
				GCC_WARN_UNINITIALIZED_AUTOS = YES_AGGRESSIVE;
				GCC_WARN_UNUSED_FUNCTION = YES;
				GCC_WARN_UNUSED_VARIABLE = YES;
				IPHONEOS_DEPLOYMENT_TARGET = 16.0;
				MTL_ENABLE_DEBUG_INFO = NO;
				MTL_FAST_MATH = YES;
				ONLY_ACTIVE_ARCH = YES;
				PRODUCT_NAME = "$(TARGET_NAME)";
				SDKROOT = iphoneos;
				SWIFT_COMPILATION_MODE = wholemodule;
				SWIFT_OPTIMIZATION_LEVEL = "-O";
				SWIFT_VERSION = 5.9;
			};
			name = Release;
		};
		FE6B9BADD4DBA073A9648136 /* Debug */ = {
			isa = XCBuildConfiguration;
			buildSettings = {
				ALWAYS_SEARCH_USER_PATHS = NO;
				CLANG_ANALYZER_NONNULL = YES;
				CLANG_ANALYZER_NUMBER_OBJECT_CONVERSION = YES_AGGRESSIVE;
				CLANG_CXX_LANGUAGE_STANDARD = "gnu++14";
				CLANG_CXX_LIBRARY = "libc++";
				CLANG_ENABLE_MODULES = YES;
				CLANG_ENABLE_OBJC_ARC = YES;
				CLANG_ENABLE_OBJC_WEAK = YES;
				CLANG_WARN_BLOCK_CAPTURE_AUTORELEASING = YES;
				CLANG_WARN_BOOL_CONVERSION = YES;
				CLANG_WARN_COMMA = YES;
				CLANG_WARN_CONSTANT_CONVERSION = YES;
				CLANG_WARN_DEPRECATED_OBJC_IMPLEMENTATIONS = YES;
				CLANG_WARN_DIRECT_OBJC_ISA_USAGE = YES_ERROR;
				CLANG_WARN_DOCUMENTATION_COMMENTS = YES;
				CLANG_WARN_EMPTY_BODY = YES;
				CLANG_WARN_ENUM_CONVERSION = YES;
				CLANG_WARN_INFINITE_RECURSION = YES;
				CLANG_WARN_INT_CONVERSION = YES;
				CLANG_WARN_NON_LITERAL_NULL_CONVERSION = YES;
				CLANG_WARN_OBJC_IMPLICIT_RETAIN_SELF = YES;
				CLANG_WARN_OBJC_LITERAL_CONVERSION = YES;
				CLANG_WARN_OBJC_ROOT_CLASS = YES_ERROR;
				CLANG_WARN_QUOTED_INCLUDE_IN_FRAMEWORK_HEADER = YES;
				CLANG_WARN_RANGE_LOOP_ANALYSIS = YES;
				CLANG_WARN_STRICT_PROTOTYPES = YES;
				CLANG_WARN_SUSPICIOUS_MOVE = YES;
				CLANG_WARN_UNGUARDED_AVAILABILITY = YES_AGGRESSIVE;
				CLANG_WARN_UNREACHABLE_CODE = YES;
				CLANG_WARN__DUPLICATE_METHOD_MATCH = YES;
				COPY_PHASE_STRIP = NO;
				DEBUG_INFORMATION_FORMAT = dwarf;
				ENABLE_STRICT_OBJC_MSGSEND = YES;
				ENABLE_TESTABILITY = YES;
				"EXCLUDED_ARCHS[sdk=iphonesimulator*]" = x86_64;
				GCC_C_LANGUAGE_STANDARD = gnu11;
				GCC_DYNAMIC_NO_PIC = NO;
				GCC_NO_COMMON_BLOCKS = YES;
				GCC_OPTIMIZATION_LEVEL = 0;
				GCC_PREPROCESSOR_DEFINITIONS = (
					"$(inherited)",
					"DEBUG=1",
				);
				GCC_WARN_64_TO_32_BIT_CONVERSION = YES;
				GCC_WARN_ABOUT_RETURN_TYPE = YES_ERROR;
				GCC_WARN_UNDECLARED_SELECTOR = YES;
				GCC_WARN_UNINITIALIZED_AUTOS = YES_AGGRESSIVE;
				GCC_WARN_UNUSED_FUNCTION = YES;
				GCC_WARN_UNUSED_VARIABLE = YES;
				IPHONEOS_DEPLOYMENT_TARGET = 16.0;
				MTL_ENABLE_DEBUG_INFO = INCLUDE_SOURCE;
				MTL_FAST_MATH = YES;
				ONLY_ACTIVE_ARCH = YES;
				PRODUCT_NAME = "$(TARGET_NAME)";
				SDKROOT = iphoneos;
				SWIFT_ACTIVE_COMPILATION_CONDITIONS = DEBUG;
				SWIFT_OPTIMIZATION_LEVEL = "-Onone";
				SWIFT_VERSION = 5.9;
			};
			name = Debug;
		};
/* End XCBuildConfiguration section */

/* Begin XCConfigurationList section */
		0BA707034ECC5C71056EC1AA /* Build configuration list for PBXNativeTarget "AgosecKeyboardExtension" */ = {
			isa = XCConfigurationList;
			buildConfigurations = (
				6E1CC0CB5F649C76138B7E6D /* Debug */,
				74EA0AD18331EFDEBBB140FA /* Release */,
			);
			defaultConfigurationIsVisible = 0;
			defaultConfigurationName = Debug;
		};
		560A1AE3F80B79C37DB24CDB /* Build configuration list for PBXNativeTarget "AgosecApp" */ = {
			isa = XCConfigurationList;
			buildConfigurations = (
				071A5A0954FD89B9A2F8CE01 /* Debug */,
				78A451FC0222E0312B7856C1 /* Release */,
			);
			defaultConfigurationIsVisible = 0;
			defaultConfigurationName = Debug;
		};
		5AF2705765EE616EE4AFDBFD /* Build configuration list for PBXNativeTarget "AgosecAppTests" */ = {
			isa = XCConfigurationList;
			buildConfigurations = (
				8E038F31AC8B20E43AEB46DC /* Debug */,
				09D7DD17983A14B468AE1DDB /* Release */,
			);
			defaultConfigurationIsVisible = 0;
			defaultConfigurationName = Debug;
		};
		5BFABD9D438762F17251A0C2 /* Build configuration list for PBXProject "AgosecKeyboard" */ = {
			isa = XCConfigurationList;
			buildConfigurations = (
				FE6B9BADD4DBA073A9648136 /* Debug */,
				A9DE4E1503B22E9628B6BF8B /* Release */,
			);
			defaultConfigurationIsVisible = 0;
			defaultConfigurationName = Debug;
		};
/* End XCConfigurationList section */

/* Begin XCLocalSwiftPackageReference section */
		5328905F9A1FBB6ABBF2A84C /* XCLocalSwiftPackageReference "Packages/Networking" */ = {
			isa = XCLocalSwiftPackageReference;
			relativePath = Packages/Networking;
		};
		AC4772AC2680165BE10089F5 /* XCLocalSwiftPackageReference "Packages/SharedCore" */ = {
			isa = XCLocalSwiftPackageReference;
			relativePath = Packages/SharedCore;
		};
		B33E446CC51C568B6F0AA0F5 /* XCLocalSwiftPackageReference "Packages/UIComponents" */ = {
			isa = XCLocalSwiftPackageReference;
			relativePath = Packages/UIComponents;
		};
		D6271B42C84CBD299B77C426 /* XCLocalSwiftPackageReference "Packages/OCR" */ = {
			isa = XCLocalSwiftPackageReference;
			relativePath = Packages/OCR;
		};
/* End XCLocalSwiftPackageReference section */

/* Begin XCRemoteSwiftPackageReference section */
		3BDEE7FD670BC0ED0F8EF3D1 /* XCRemoteSwiftPackageReference "KeyboardKit" */ = {
			isa = XCRemoteSwiftPackageReference;
			repositoryURL = "https://github.com/KeyboardKit/KeyboardKit.git";
			requirement = {
				kind = upToNextMajorVersion;
				minimumVersion = 10.0.0;
			};
		};
		6F82CC68EBE38FD2D2A2CEF9 /* XCRemoteSwiftPackageReference "LicenseKit" */ = {
			isa = XCRemoteSwiftPackageReference;
			repositoryURL = "https://github.com/LicenseKit/LicenseKit.git";
			requirement = {
				kind = upToNextMajorVersion;
				minimumVersion = 2.1.3;
			};
		};
		8A03C069C7935FDE8029B433 /* XCRemoteSwiftPackageReference "SymSpellSwift" */ = {
			isa = XCRemoteSwiftPackageReference;
			repositoryURL = "https://github.com/gdetari/SymSpellSwift.git";
			requirement = {
				kind = upToNextMajorVersion;
				minimumVersion = 0.1.4;
			};
		};
/* End XCRemoteSwiftPackageReference section */

/* Begin XCSwiftPackageProductDependency section */
		047713ADEAAB40F8F754372C /* KeyboardKit */ = {
			isa = XCSwiftPackageProductDependency;
			package = 3BDEE7FD670BC0ED0F8EF3D1 /* XCRemoteSwiftPackageReference "KeyboardKit" */;
			productName = KeyboardKit;
		};
		162A6C2C0E9270232EEC4B5D /* KeyboardKit */ = {
			isa = XCSwiftPackageProductDependency;
			package = 3BDEE7FD670BC0ED0F8EF3D1 /* XCRemoteSwiftPackageReference "KeyboardKit" */;
			productName = KeyboardKit;
		};
		27E92FF186CE5E553BB70DF9 /* UIComponents */ = {
			isa = XCSwiftPackageProductDependency;
			productName = UIComponents;
		};
		41CF4835FCDA549E11923672 /* SharedCore */ = {
			isa = XCSwiftPackageProductDependency;
			productName = SharedCore;
		};
		52D9C54881EDE7E8D62F1A7D /* LicenseKit */ = {
			isa = XCSwiftPackageProductDependency;
			package = 6F82CC68EBE38FD2D2A2CEF9 /* XCRemoteSwiftPackageReference "LicenseKit" */;
			productName = LicenseKit;
		};
		777C691861F5C30094126662 /* Networking */ = {
			isa = XCSwiftPackageProductDependency;
			productName = Networking;
		};
		8C616874A0D483F3F724656A /* OCR */ = {
			isa = XCSwiftPackageProductDependency;
			productName = OCR;
		};
		9C4108CD2459B872A23CBA24 /* SymSpellSwift */ = {
			isa = XCSwiftPackageProductDependency;
			package = 8A03C069C7935FDE8029B433 /* XCRemoteSwiftPackageReference "SymSpellSwift" */;
			productName = SymSpellSwift;
		};
		9F34A3C15C9412DE4484E5A3 /* SharedCore */ = {
			isa = XCSwiftPackageProductDependency;
			productName = SharedCore;
		};
		A30109D67123C0BB58408A2D /* OCR */ = {
			isa = XCSwiftPackageProductDependency;
			productName = OCR;
		};
		AF861022745E8E3F3129D1A9 /* UIComponents */ = {
			isa = XCSwiftPackageProductDependency;
			productName = UIComponents;
		};
		D5110BE9DEBAAA9DCF6DBF9A /* Networking */ = {
			isa = XCSwiftPackageProductDependency;
			productName = Networking;
		};
/* End XCSwiftPackageProductDependency section */
	};
	rootObject = F5F71E15A87BE87F33E36436 /* Project object */;
}
